<?xml version="1.0" encoding="utf-8"?>
<Project ToolsVersion="4.0" xmlns="http://schemas.microsoft.com/developer/msbuild/2003">
  <ItemGroup>
    <Filter Include="Source Files">
      <UniqueIdentifier>{4FC737F1-C7A5-4376-A066-2A32D752A2FF}</UniqueIdentifier>
      <Extensions>cpp;c;cc;cxx;c++;cppm;ixx;def;odl;idl;hpj;bat;asm;asmx</Extensions>
    </Filter>
    <Filter Include="Header Files">
      <UniqueIdentifier>{93995380-89BD-4b04-88EB-625FBE52EBFB}</UniqueIdentifier>
      <Extensions>h;hh;hpp;hxx;h++;hm;inl;inc;ipp;xsd</Extensions>
    </Filter>
    <Filter Include="Resource Files">
      <UniqueIdentifier>{67DA6AB6-F800-4c08-8B7A-83BB121AAD01}</UniqueIdentifier>
      <Extensions>rc;ico;cur;bmp;dlg;rc2;rct;bin;rgs;gif;jpg;jpeg;jpe;resx;tiff;tif;png;wav;mfcribbon-ms</Extensions>
    </Filter>
  </ItemGroup>
  <ItemGroup>
    <ClCompile Include="source\BlazeEngine\Application\ECS\Component.cpp">
      <Filter>Source Files</Filter>
    </ClCompile>
    <ClCompile Include="source\BlazeEngine\Application\ECS\ComponentTypeRegistry.cpp">
      <Filter>Source Files</Filter>
    </ClCompile>
    <ClCompile Include="source\BlazeEngine\Application\ECS\Entity.cpp">
      <Filter>Source Files</Filter>
    </ClCompile>
    <ClCompile Include="source\BlazeEngine\Application\ECS\EntityCreationData.cpp">
      <Filter>Source Files</Filter>
    </ClCompile>
    <ClCompile Include="source\BlazeEngine\Application\ECS\Scene.cpp">
      <Filter>Source Files</Filter>
    </ClCompile>
    <ClCompile Include="source\BlazeEngine\Application\ECS\System.cpp">
      <Filter>Source Files</Filter>
    </ClCompile>
    <ClCompile Include="source\BlazeEngine\Application\Resource System\ResourceManager.cpp">
      <Filter>Source Files</Filter>
    </ClCompile>
    <ClCompile Include="source\BlazeEngine\Application\Resource System\ResourceStorage.cpp">
      <Filter>Source Files</Filter>
    </ClCompile>
    <ClCompile Include="source\BlazeEngine\Application\Resource System\ResourceTypeRegistry.cpp">
      <Filter>Source Files</Filter>
    </ClCompile>
    <ClCompile Include="source\BlazeEngine\Application\UI\Components\Bases\UIComponent.cpp">
      <Filter>Source Files</Filter>
    </ClCompile>
    <ClCompile Include="source\BlazeEngine\Application\UI\Components\FrameComponent.cpp">
      <Filter>Source Files</Filter>
    </ClCompile>
    <ClCompile Include="source\BlazeEngine\Application\UI\Components\ImageComponent.cpp">
      <Filter>Source Files</Filter>
    </ClCompile>
    <ClCompile Include="source\BlazeEngine\Application\UI\Components\LabelComponent.cpp">
      <Filter>Source Files</Filter>
    </ClCompile>
    <ClCompile Include="source\BlazeEngine\Application\UI\Components\MouseTriggerComponent.cpp">
      <Filter>Source Files</Filter>
    </ClCompile>
    <ClCompile Include="source\BlazeEngine\Application\UI\Components\UIElementComponent.cpp">
      <Filter>Source Files</Filter>
    </ClCompile>
    <ClCompile Include="source\BlazeEngine\Application\UI\Components\UIElementCreationData.cpp">
      <Filter>Source Files</Filter>
    </ClCompile>
    <ClCompile Include="source\BlazeEngine\Application\UI\Components\UITransformComponent.cpp">
      <Filter>Source Files</Filter>
    </ClCompile>
    <ClCompile Include="source\BlazeEngine\Application\UI\UIScene.cpp">
      <Filter>Source Files</Filter>
    </ClCompile>
    <ClCompile Include="source\BlazeEngine\Application\UI\UISystem.cpp">
      <Filter>Source Files</Filter>
    </ClCompile>
    <ClCompile Include="source\BlazeEngine\Console\Console.cpp">
      <Filter>Source Files</Filter>
    </ClCompile>
    <ClCompile Include="source\BlazeEngine\Core\Setup.cpp">
      <Filter>Source Files</Filter>
    </ClCompile>
    <ClCompile Include="source\BlazeEngine\Core\WindowSDL.cpp">
      <Filter>Source Files</Filter>
    </ClCompile>
    <ClCompile Include="source\BlazeEngine\DataStructures\Buffer.cpp">
      <Filter>Source Files</Filter>
    </ClCompile>
    <ClCompile Include="source\BlazeEngine\DataStructures\Color.cpp">
      <Filter>Source Files</Filter>
    </ClCompile>
    <ClCompile Include="source\BlazeEngine\DataStructures\String.cpp">
      <Filter>Source Files</Filter>
    </ClCompile>
    <ClCompile Include="source\BlazeEngine\DataStructures\StringHash.cpp">
      <Filter>Source Files</Filter>
    </ClCompile>
    <ClCompile Include="source\BlazeEngine\DataStructures\StringUTF8.cpp">
      <Filter>Source Files</Filter>
    </ClCompile>
    <ClCompile Include="source\BlazeEngine\DataStructures\StringView.cpp">
      <Filter>Source Files</Filter>
    </ClCompile>
    <ClCompile Include="source\BlazeEngine\DataStructures\StringViewUTF8.cpp">
      <Filter>Source Files</Filter>
    </ClCompile>
    <ClCompile Include="source\BlazeEngine\DataStructures\UnicodeChar.cpp">
      <Filter>Source Files</Filter>
    </ClCompile>
    <ClCompile Include="source\BlazeEngine\Debug\Breakpoint.cpp">
      <Filter>Source Files</Filter>
    </ClCompile>
    <ClCompile Include="source\BlazeEngine\Debug\Callstack.cpp">
      <Filter>Source Files</Filter>
    </ClCompile>
    <ClCompile Include="source\BlazeEngine\Debug\Log.cpp">
      <Filter>Source Files</Filter>
    </ClCompile>
    <ClCompile Include="source\BlazeEngine\Debug\Logger.cpp">
      <Filter>Source Files</Filter>
    </ClCompile>
    <ClCompile Include="source\BlazeEngine\Debug\LoggerListener.cpp">
      <Filter>Source Files</Filter>
    </ClCompile>
    <ClCompile Include="source\BlazeEngine\Debug\Result.cpp">
      <Filter>Source Files</Filter>
    </ClCompile>
    <ClCompile Include="source\BlazeEngine\File\Stream\BufferStream.cpp">
      <Filter>Source Files</Filter>
    </ClCompile>
    <ClCompile Include="source\BlazeEngine\File\Stream\FileStream.cpp">
      <Filter>Source Files</Filter>
    </ClCompile>
    <ClCompile Include="source\BlazeEngine\File\Stream\SubStream.cpp">
      <Filter>Source Files</Filter>
    </ClCompile>
    <ClCompile Include="source\BlazeEngine\File\File.cpp">
      <Filter>Source Files</Filter>
    </ClCompile>
    <ClCompile Include="source\BlazeEngine\File\FileSystem.cpp">
      <Filter>Source Files</Filter>
    </ClCompile>
    <ClCompile Include="source\BlazeEngine\File\Path.cpp">
      <Filter>Source Files</Filter>
    </ClCompile>
    <ClCompile Include="source\BlazeEngine\Input\EngineInput.cpp">
      <Filter>Source Files</Filter>
    </ClCompile>
    <ClCompile Include="source\BlazeEngine\Input\Input.cpp">
      <Filter>Source Files</Filter>
    </ClCompile>
    <ClCompile Include="source\BlazeEngine\Input\Key.cpp">
      <Filter>Source Files</Filter>
    </ClCompile>
    <ClCompile Include="source\BlazeEngine\Internal\Libraries\FreeType.cpp">
      <Filter>Source Files</Filter>
    </ClCompile>
    <ClCompile Include="source\BlazeEngine\Internal\Libraries\GLEW.cpp">
      <Filter>Source Files</Filter>
    </ClCompile>
    <ClCompile Include="source\BlazeEngine\Internal\Libraries\Libraries.cpp">
      <Filter>Source Files</Filter>
    </ClCompile>
    <ClCompile Include="source\BlazeEngine\Internal\Libraries\SDL.cpp">
      <Filter>Source Files</Filter>
    </ClCompile>
    <ClCompile Include="source\BlazeEngine\Internal\Windows\WindowsPlatform.cpp">
      <Filter>Source Files</Filter>
    </ClCompile>
    <ClCompile Include="source\BlazeEngine\Internal\Conversions.cpp">
      <Filter>Source Files</Filter>
    </ClCompile>
    <ClCompile Include="source\BlazeEngine\Internal\EngineData.cpp">
      <Filter>Source Files</Filter>
    </ClCompile>
    <ClCompile Include="source\BlazeEngine\Math\Random.cpp">
      <Filter>Source Files</Filter>
    </ClCompile>
    <ClCompile Include="source\BlazeEngine\Memory\Allocator.cpp">
      <Filter>Source Files</Filter>
    </ClCompile>
    <ClCompile Include="source\BlazeEngine\Memory\MallocAllocator.cpp">
      <Filter>Source Files</Filter>
    </ClCompile>
    <ClCompile Include="source\BlazeEngine\Memory\MemoryListener.cpp">
      <Filter>Source Files</Filter>
    </ClCompile>
    <ClCompile Include="source\BlazeEngine\Memory\MemoryManager.cpp">
      <Filter>Source Files</Filter>
    </ClCompile>
    <ClCompile Include="source\BlazeEngine\Resources\Bitmap\Bitmap.cpp">
      <Filter>Source Files</Filter>
    </ClCompile>
    <ClCompile Include="source\BlazeEngine\Resources\Font\Font.cpp">
      <Filter>Source Files</Filter>
    </ClCompile>
    <ClCompile Include="source\BlazeEngine\Utilities\Stopwatch.cpp">
      <Filter>Source Files</Filter>
    </ClCompile>
    <ClCompile Include="source\BlazeEngine\Utilities\StringParsing.cpp">
      <Filter>Source Files</Filter>
    </ClCompile>
    <ClCompile Include="source\BlazeEngine\Utilities\TextLayouter.cpp">
      <Filter>Source Files</Filter>
    </ClCompile>
    <ClCompile Include="source\BlazeEngine\Utilities\Thread.cpp">
      <Filter>Source Files</Filter>
    </ClCompile>
    <ClCompile Include="source\BlazeEngine\Utilities\Threading.cpp">
      <Filter>Source Files</Filter>
    </ClCompile>
    <ClCompile Include="source\BlazeEngine\Utilities\Time.cpp">
      <Filter>Source Files</Filter>
    </ClCompile>
    <ClCompile Include="source\BlazeEngine\Utilities\Timing.cpp">
      <Filter>Source Files</Filter>
    </ClCompile>
    <ClCompile Include="source\pch.cpp">
      <Filter>Source Files</Filter>
    </ClCompile>
    <ClCompile Include="source\BlazeEngine\Core\WindowBase.cpp">
      <Filter>Source Files</Filter>
    </ClCompile>
    <ClCompile Include="source\BlazeEngine\Memory\VirtualAllocator.cpp">
      <Filter>Source Files</Filter>
    </ClCompile>
  </ItemGroup>
  <ItemGroup>
    <ClInclude Include="source\BlazeEngine\Application\ECS\EntityCreationData.h">
      <Filter>Header Files</Filter>
    </ClInclude>
    <ClInclude Include="source\BlazeEngine\Application\ECS\SystemCreationData.h">
      <Filter>Header Files</Filter>
    </ClInclude>
    <ClInclude Include="source\BlazeEngine\Application\UI\Components\UIElmenetCreationData.h">
      <Filter>Header Files</Filter>
    </ClInclude>
    <ClInclude Include="source\BlazeEngine\Input\ClientEventStack.h">
      <Filter>Header Files</Filter>
    </ClInclude>
    <ClInclude Include="source\BlazeEngine\Internal\Libraries\FreeType.h">
      <Filter>Header Files</Filter>
    </ClInclude>
    <ClInclude Include="source\BlazeEngine\Internal\Libraries\GLEW.h">
      <Filter>Header Files</Filter>
    </ClInclude>
    <ClInclude Include="source\BlazeEngine\Internal\Libraries\SDL.h">
      <Filter>Header Files</Filter>
    </ClInclude>
    <ClInclude Include="source\BlazeEngine\Internal\Windows\WindowsPlatform.h">
      <Filter>Header Files</Filter>
    </ClInclude>
    <ClInclude Include="source\BlazeEngine\Internal\Conversions.h">
      <Filter>Header Files</Filter>
    </ClInclude>
    <ClInclude Include="source\BlazeEngine\Internal\EngineData.h">
      <Filter>Header Files</Filter>
    </ClInclude>
    <ClInclude Include="source\BlazeEngine\Internal\WindowCreation.h">
      <Filter>Header Files</Filter>
    </ClInclude>
    <ClInclude Include="source\BlazeEngine\Resources\Font\rectpack2D.h">
      <Filter>Header Files</Filter>
    </ClInclude>
    <ClInclude Include="source\pch.h">
      <Filter>Header Files</Filter>
    </ClInclude>
    <ClInclude Include="include\BlazeEngine\Application\ECS\Component.h">
      <Filter>Header Files</Filter>
    </ClInclude>
    <ClInclude Include="include\BlazeEngine\Application\ECS\ComponentTypeRegistry.h">
      <Filter>Header Files</Filter>
    </ClInclude>
    <ClInclude Include="include\BlazeEngine\Application\ECS\Entity.h">
      <Filter>Header Files</Filter>
    </ClInclude>
    <ClInclude Include="include\BlazeEngine\Application\ECS\EntityReference.h">
      <Filter>Header Files</Filter>
    </ClInclude>
    <ClInclude Include="include\BlazeEngine\Application\ECS\EntityView.h">
      <Filter>Header Files</Filter>
    </ClInclude>
    <ClInclude Include="include\BlazeEngine\Application\ECS\Scene.h">
      <Filter>Header Files</Filter>
    </ClInclude>
    <ClInclude Include="include\BlazeEngine\Application\ECS\System.h">
      <Filter>Header Files</Filter>
    </ClInclude>
    <ClInclude Include="include\BlazeEngine\Application\ResourceSystem\Resource.h">
      <Filter>Header Files</Filter>
    </ClInclude>
    <ClInclude Include="include\BlazeEngine\Application\ResourceSystem\ResourceManager.h">
      <Filter>Header Files</Filter>
    </ClInclude>
    <ClInclude Include="include\BlazeEngine\Application\ResourceSystem\ResourceStorage.h">
      <Filter>Header Files</Filter>
    </ClInclude>
    <ClInclude Include="include\BlazeEngine\Application\ResourceSystem\ResourceTypeRegistry.h">
      <Filter>Header Files</Filter>
    </ClInclude>
    <ClInclude Include="include\BlazeEngine\Application\UI\Components\Bases\UIPosOverrideComponent.h">
      <Filter>Header Files</Filter>
    </ClInclude>
    <ClInclude Include="include\BlazeEngine\Application\UI\Components\Bases\UISizeOverrideComponent.h">
      <Filter>Header Files</Filter>
    </ClInclude>
    <ClInclude Include="include\BlazeEngine\Application\UI\Components\FrameComponent.h">
      <Filter>Header Files</Filter>
    </ClInclude>
    <ClInclude Include="include\BlazeEngine\Application\UI\Components\ImageComponent.h">
      <Filter>Header Files</Filter>
    </ClInclude>
    <ClInclude Include="include\BlazeEngine\Application\UI\Components\LabelComponent.h">
      <Filter>Header Files</Filter>
    </ClInclude>
    <ClInclude Include="include\BlazeEngine\Application\UI\Components\MouseTriggerComponent.h">
      <Filter>Header Files</Filter>
    </ClInclude>
    <ClInclude Include="include\BlazeEngine\Application\UI\Components\UIElementComponent.h">
      <Filter>Header Files</Filter>
    </ClInclude>
    <ClInclude Include="include\BlazeEngine\Application\UI\Components\UITransformComponent.h">
      <Filter>Header Files</Filter>
    </ClInclude>
    <ClInclude Include="include\BlazeEngine\Application\UI\UIComponent.h">
      <Filter>Header Files</Filter>
    </ClInclude>
    <ClInclude Include="include\BlazeEngine\Application\UI\UIEntityView.h">
      <Filter>Header Files</Filter>
    </ClInclude>
    <ClInclude Include="include\BlazeEngine\Application\UI\UIScene.h">
      <Filter>Header Files</Filter>
    </ClInclude>
    <ClInclude Include="include\BlazeEngine\Application\UI\UISystem.h">
      <Filter>Header Files</Filter>
    </ClInclude>
    <ClInclude Include="include\BlazeEngine\Console\Console.h">
      <Filter>Header Files</Filter>
    </ClInclude>
    <ClInclude Include="include\BlazeEngine\Core\EngineCore.h">
      <Filter>Header Files</Filter>
    </ClInclude>
    <ClInclude Include="include\BlazeEngine\Core\Setup.h">
      <Filter>Header Files</Filter>
    </ClInclude>
    <ClInclude Include="include\BlazeEngine\Core\WindowBase.h">
      <Filter>Header Files</Filter>
    </ClInclude>
    <ClInclude Include="include\BlazeEngine\DataStructures\Array.h">
      <Filter>Header Files</Filter>
    </ClInclude>
    <ClInclude Include="include\BlazeEngine\DataStructures\ArrayImpl.h">
      <Filter>Header Files</Filter>
    </ClInclude>
    <ClInclude Include="include\BlazeEngine\DataStructures\ArrayView.h">
      <Filter>Header Files</Filter>
    </ClInclude>
    <ClInclude Include="include\BlazeEngine\DataStructures\Buffer.h">
      <Filter>Header Files</Filter>
    </ClInclude>
    <ClInclude Include="include\BlazeEngine\DataStructures\Color.h">
      <Filter>Header Files</Filter>
    </ClInclude>
    <ClInclude Include="include\BlazeEngine\DataStructures\Common.h">
      <Filter>Header Files</Filter>
    </ClInclude>
    <ClInclude Include="include\BlazeEngine\DataStructures\Constexpr.h">
      <Filter>Header Files</Filter>
    </ClInclude>
    <ClInclude Include="include\BlazeEngine\DataStructures\DualList.h">
      <Filter>Header Files</Filter>
    </ClInclude>
    <ClInclude Include="include\BlazeEngine\DataStructures\DualListImpl.h">
      <Filter>Header Files</Filter>
    </ClInclude>
    <ClInclude Include="include\BlazeEngine\DataStructures\Handle.h">
      <Filter>Header Files</Filter>
    </ClInclude>
    <ClInclude Include="include\BlazeEngine\DataStructures\HandleImpl.h">
      <Filter>Header Files</Filter>
    </ClInclude>
    <ClInclude Include="include\BlazeEngine\DataStructures\Hash.h">
      <Filter>Header Files</Filter>
    </ClInclude>
    <ClInclude Include="include\BlazeEngine\DataStructures\HybridArray.h">
      <Filter>Header Files</Filter>
    </ClInclude>
    <ClInclude Include="include\BlazeEngine\DataStructures\List.h">
      <Filter>Header Files</Filter>
    </ClInclude>
    <ClInclude Include="include\BlazeEngine\DataStructures\ListImpl.h">
      <Filter>Header Files</Filter>
    </ClInclude>
    <ClInclude Include="include\BlazeEngine\DataStructures\Map.h">
      <Filter>Header Files</Filter>
    </ClInclude>
    <ClInclude Include="include\BlazeEngine\DataStructures\MapImpl.h">
      <Filter>Header Files</Filter>
    </ClInclude>
    <ClInclude Include="include\BlazeEngine\DataStructures\Rect.h">
      <Filter>Header Files</Filter>
    </ClInclude>
    <ClInclude Include="include\BlazeEngine\DataStructures\Set.h">
      <Filter>Header Files</Filter>
    </ClInclude>
    <ClInclude Include="include\BlazeEngine\DataStructures\SetImpl.h">
      <Filter>Header Files</Filter>
    </ClInclude>
    <ClInclude Include="include\BlazeEngine\DataStructures\String.h">
      <Filter>Header Files</Filter>
    </ClInclude>
    <ClInclude Include="include\BlazeEngine\DataStructures\StringHash.h">
      <Filter>Header Files</Filter>
    </ClInclude>
    <ClInclude Include="include\BlazeEngine\DataStructures\StringUTF8.h">
      <Filter>Header Files</Filter>
    </ClInclude>
    <ClInclude Include="include\BlazeEngine\DataStructures\StringView.h">
      <Filter>Header Files</Filter>
    </ClInclude>
    <ClInclude Include="include\BlazeEngine\DataStructures\StringViewUTF8.h">
      <Filter>Header Files</Filter>
    </ClInclude>
    <ClInclude Include="include\BlazeEngine\DataStructures\Template.h">
      <Filter>Header Files</Filter>
    </ClInclude>
    <ClInclude Include="include\BlazeEngine\DataStructures\TemplateGroup.h">
      <Filter>Header Files</Filter>
    </ClInclude>
    <ClInclude Include="include\BlazeEngine\DataStructures\Tuple.h">
      <Filter>Header Files</Filter>
    </ClInclude>
    <ClInclude Include="include\BlazeEngine\DataStructures\UnicodeChar.h">
      <Filter>Header Files</Filter>
    </ClInclude>
    <ClInclude Include="include\BlazeEngine\DataStructures\UnorderedArray.h">
      <Filter>Header Files</Filter>
    </ClInclude>
    <ClInclude Include="include\BlazeEngine\DataStructures\UnorderedArrayImpl.h">
      <Filter>Header Files</Filter>
    </ClInclude>
    <ClInclude Include="include\BlazeEngine\DataStructures\VirtualMap.h">
      <Filter>Header Files</Filter>
    </ClInclude>
    <ClInclude Include="include\BlazeEngine\DataStructures\VirtualMapImpl.h">
      <Filter>Header Files</Filter>
    </ClInclude>
    <ClInclude Include="include\BlazeEngine\Debug\Breakpoint.h">
      <Filter>Header Files</Filter>
    </ClInclude>
    <ClInclude Include="include\BlazeEngine\Debug\Callstack.h">
      <Filter>Header Files</Filter>
    </ClInclude>
    <ClInclude Include="include\BlazeEngine\Debug\Log.h">
      <Filter>Header Files</Filter>
    </ClInclude>
    <ClInclude Include="include\BlazeEngine\Debug\Logger.h">
      <Filter>Header Files</Filter>
    </ClInclude>
    <ClInclude Include="include\BlazeEngine\Debug\LoggerListener.h">
      <Filter>Header Files</Filter>
    </ClInclude>
    <ClInclude Include="include\BlazeEngine\Debug\Result.h">
      <Filter>Header Files</Filter>
    </ClInclude>
    <ClInclude Include="include\BlazeEngine\Debug\ResultValue.h">
      <Filter>Header Files</Filter>
    </ClInclude>
    <ClInclude Include="include\BlazeEngine\Event\EventDispatcher.h">
      <Filter>Header Files</Filter>
    </ClInclude>
    <ClInclude Include="include\BlazeEngine\Event\EventHandler.h">
      <Filter>Header Files</Filter>
    </ClInclude>
    <ClInclude Include="include\BlazeEngine\Event\LambdaEventHandler.h">
      <Filter>Header Files</Filter>
    </ClInclude>
    <ClInclude Include="include\BlazeEngine\Event\QueueEventDispatcher.h">
      <Filter>Header Files</Filter>
    </ClInclude>
    <ClInclude Include="include\BlazeEngine\File\Stream\BufferStream.h">
      <Filter>Header Files</Filter>
    </ClInclude>
    <ClInclude Include="include\BlazeEngine\File\Stream\FileStream.h">
      <Filter>Header Files</Filter>
    </ClInclude>
    <ClInclude Include="include\BlazeEngine\File\Stream\Stream.h">
      <Filter>Header Files</Filter>
    </ClInclude>
    <ClInclude Include="include\BlazeEngine\File\Stream\SubStream.h">
      <Filter>Header Files</Filter>
    </ClInclude>
    <ClInclude Include="include\BlazeEngine\File\File.h">
      <Filter>Header Files</Filter>
    </ClInclude>
    <ClInclude Include="include\BlazeEngine\File\FileSystem.h">
      <Filter>Header Files</Filter>
    </ClInclude>
    <ClInclude Include="include\BlazeEngine\File\Path.h">
      <Filter>Header Files</Filter>
    </ClInclude>
    <ClInclude Include="include\BlazeEngine\Input\Input.h">
      <Filter>Header Files</Filter>
    </ClInclude>
    <ClInclude Include="include\BlazeEngine\Input\InputEvents.h">
      <Filter>Header Files</Filter>
    </ClInclude>
    <ClInclude Include="include\BlazeEngine\Input\Key.h">
      <Filter>Header Files</Filter>
    </ClInclude>
    <ClInclude Include="include\BlazeEngine\Math\Math.h">
      <Filter>Header Files</Filter>
    </ClInclude>
    <ClInclude Include="include\BlazeEngine\Math\Matrix.h">
      <Filter>Header Files</Filter>
    </ClInclude>
    <ClInclude Include="include\BlazeEngine\Math\Quaternion.h">
      <Filter>Header Files</Filter>
    </ClInclude>
    <ClInclude Include="include\BlazeEngine\Math\Random.h">
      <Filter>Header Files</Filter>
    </ClInclude>
    <ClInclude Include="include\BlazeEngine\Math\Shapes.h">
      <Filter>Header Files</Filter>
    </ClInclude>
    <ClInclude Include="include\BlazeEngine\Math\Vector.h">
      <Filter>Header Files</Filter>
    </ClInclude>
    <ClInclude Include="include\BlazeEngine\Memory\Allocator.h">
      <Filter>Header Files</Filter>
    </ClInclude>
    <ClInclude Include="include\BlazeEngine\Memory\MallocAllocator.h">
      <Filter>Header Files</Filter>
    </ClInclude>
    <ClInclude Include="include\BlazeEngine\Memory\MemoryListener.h">
      <Filter>Header Files</Filter>
    </ClInclude>
    <ClInclude Include="include\BlazeEngine\Memory\MemoryManager.h">
      <Filter>Header Files</Filter>
    </ClInclude>
    <ClInclude Include="include\BlazeEngine\old_Graphics\OpenGL\Textures\OpenGLTexture1D.h">
      <Filter>Header Files</Filter>
    </ClInclude>
    <ClInclude Include="include\BlazeEngine\old_Graphics\OpenGL\Textures\OpenGLTexture2D.h">
      <Filter>Header Files</Filter>
    </ClInclude>
    <ClInclude Include="include\BlazeEngine\old_Graphics\OpenGL\Textures\OpenGLTexture2DArray.h">
      <Filter>Header Files</Filter>
    </ClInclude>
    <ClInclude Include="include\BlazeEngine\old_Graphics\OpenGL\Textures\OpenGLTexture3D.h">
      <Filter>Header Files</Filter>
    </ClInclude>
    <ClInclude Include="include\BlazeEngine\old_Graphics\OpenGL\Textures\OpenGLTextureBuffer.h">
      <Filter>Header Files</Filter>
    </ClInclude>
    <ClInclude Include="include\BlazeEngine\old_Graphics\OpenGL\Textures\OpenGLTextureCubemap.h">
      <Filter>Header Files</Filter>
    </ClInclude>
    <ClInclude Include="include\BlazeEngine\old_Graphics\OpenGL\Textures\OpenGLTextureEnums.h">
      <Filter>Header Files</Filter>
    </ClInclude>
    <ClInclude Include="include\BlazeEngine\old_Graphics\OpenGL\OpenGLFence.h">
      <Filter>Header Files</Filter>
    </ClInclude>
    <ClInclude Include="include\BlazeEngine\old_Graphics\OpenGL\OpenGLFramebuffer.h">
      <Filter>Header Files</Filter>
    </ClInclude>
    <ClInclude Include="include\BlazeEngine\old_Graphics\OpenGL\OpenGLGraphicsBuffer.h">
      <Filter>Header Files</Filter>
    </ClInclude>
    <ClInclude Include="include\BlazeEngine\old_Graphics\OpenGL\OpenGLProgram.h">
      <Filter>Header Files</Filter>
    </ClInclude>
    <ClInclude Include="include\BlazeEngine\old_Graphics\OpenGL\OpenGLRenderbuffer.h">
      <Filter>Header Files</Filter>
    </ClInclude>
    <ClInclude Include="include\BlazeEngine\old_Graphics\OpenGL\OpenGLShader.h">
      <Filter>Header Files</Filter>
    </ClInclude>
    <ClInclude Include="include\BlazeEngine\old_Graphics\OpenGL\OpenGLVertexArray.h">
      <Filter>Header Files</Filter>
    </ClInclude>
    <ClInclude Include="include\BlazeEngine\old_Graphics\Renderers\Circle2DRenderer.h">
      <Filter>Header Files</Filter>
    </ClInclude>
    <ClInclude Include="include\BlazeEngine\old_Graphics\Renderers\FrameRenderer.h">
      <Filter>Header Files</Filter>
    </ClInclude>
    <ClInclude Include="include\BlazeEngine\old_Graphics\Renderers\ImageRenderer.h">
      <Filter>Header Files</Filter>
    </ClInclude>
    <ClInclude Include="include\BlazeEngine\old_Graphics\Renderers\Line2DRenderer.h">
      <Filter>Header Files</Filter>
    </ClInclude>
    <ClInclude Include="include\BlazeEngine\old_Graphics\Renderers\Line3DRenderer.h">
      <Filter>Header Files</Filter>
    </ClInclude>
    <ClInclude Include="include\BlazeEngine\old_Graphics\Renderers\Point2DRenderer.h">
      <Filter>Header Files</Filter>
    </ClInclude>
    <ClInclude Include="include\BlazeEngine\old_Graphics\Renderers\TextRenderer.h">
      <Filter>Header Files</Filter>
    </ClInclude>
    <ClInclude Include="include\BlazeEngine\old_Graphics\Utility\BatchStreamRenderer.h">
      <Filter>Header Files</Filter>
    </ClInclude>
    <ClInclude Include="include\BlazeEngine\old_Graphics\Utility\TextVertexGenerator.h">
      <Filter>Header Files</Filter>
    </ClInclude>
    <ClInclude Include="include\BlazeEngine\old_Graphics\Graphics.h">
      <Filter>Header Files</Filter>
    </ClInclude>
    <ClInclude Include="include\BlazeEngine\old_Graphics\GraphicsCore.h">
      <Filter>Header Files</Filter>
    </ClInclude>
    <ClInclude Include="include\BlazeEngine\old_Graphics\GraphicsEnums.h">
      <Filter>Header Files</Filter>
    </ClInclude>
    <ClInclude Include="include\BlazeEngine\old_Graphics\GraphicsLibrary.h">
      <Filter>Header Files</Filter>
    </ClInclude>
    <ClInclude Include="include\BlazeEngine\old_Graphics\GraphicsLibraryType.h">
      <Filter>Header Files</Filter>
    </ClInclude>
    <ClInclude Include="include\BlazeEngine\old_Graphics\Transform.h">
      <Filter>Header Files</Filter>
    </ClInclude>
    <ClInclude Include="include\BlazeEngine\Resources\Bitmap\Bitmap.h">
      <Filter>Header Files</Filter>
    </ClInclude>
    <ClInclude Include="include\BlazeEngine\Resources\Font\Font.h">
      <Filter>Header Files</Filter>
    </ClInclude>
    <ClInclude Include="include\BlazeEngine\Threading\Thread.h">
      <Filter>Header Files</Filter>
    </ClInclude>
    <ClInclude Include="include\BlazeEngine\Utilities\Stopwatch.h">
      <Filter>Header Files</Filter>
    </ClInclude>
    <ClInclude Include="include\BlazeEngine\Utilities\StringParsing.h">
      <Filter>Header Files</Filter>
    </ClInclude>
    <ClInclude Include="include\BlazeEngine\Utilities\TextLayouter.h">
      <Filter>Header Files</Filter>
    </ClInclude>
    <ClInclude Include="include\BlazeEngine\Utilities\Threading.h">
      <Filter>Header Files</Filter>
    </ClInclude>
    <ClInclude Include="include\BlazeEngine\Utilities\Time.h">
      <Filter>Header Files</Filter>
    </ClInclude>
    <ClInclude Include="include\BlazeEngine\Utilities\Timing.h">
      <Filter>Header Files</Filter>
    </ClInclude>
    <ClInclude Include="include\BlazeEngine\BlazeEngine.h">
      <Filter>Header Files</Filter>
    </ClInclude>
    <ClInclude Include="include\BlazeEngine\BlazeEnginePrecompiledHeaders.h">
      <Filter>Header Files</Filter>
    </ClInclude>
    <ClInclude Include="include\BlazeEngine\Core\WindowSDL.h">
      <Filter>Header Files</Filter>
    </ClInclude>
    <ClInclude Include="include\BlazeEngine\Memory\VirtualAllocator.h">
      <Filter>Header Files</Filter>
    </ClInclude>
    <ClInclude Include="include\BlazeEngine\Core\Window.h">
      <Filter>Header Files</Filter>
    </ClInclude>
  </ItemGroup>
  <ItemGroup>
    <None Include="assets\default\shaders\circle2d\circle2d.frag">
      <Filter>Resource Files</Filter>
    </None>
    <None Include="assets\default\shaders\circle2d\circle2d.geom">
      <Filter>Resource Files</Filter>
    </None>
    <None Include="assets\default\shaders\circle2d\circle2d.vert">
      <Filter>Resource Files</Filter>
    </None>
    <None Include="assets\default\fragmentDiffuse.glsl">
      <Filter>Resource Files</Filter>
    </None>
    <None Include="assets\default\shaders\frame\frame.frag">
      <Filter>Resource Files</Filter>
    </None>
    <None Include="assets\default\shaders\frame\frame.geom">
      <Filter>Resource Files</Filter>
    </None>
    <None Include="assets\default\shaders\frame\frame.vert">
      <Filter>Resource Files</Filter>
    </None>
    <None Include="assets\default\shaders\image\image.frag">
      <Filter>Resource Files</Filter>
    </None>
    <None Include="assets\default\shaders\image\image.geom">
      <Filter>Resource Files</Filter>
    </None>
    <None Include="assets\default\shaders\image\image.vert">
      <Filter>Resource Files</Filter>
    </None>
    <None Include="assets\default\shaders\line2d\line2d.frag">
      <Filter>Resource Files</Filter>
    </None>
    <None Include="assets\default\shaders\line2d\line2d.geom">
      <Filter>Resource Files</Filter>
    </None>
    <None Include="assets\default\shaders\line2d\line2d.vert">
      <Filter>Resource Files</Filter>
    </None>
    <None Include="assets\default\shaders\line3d\line3d.frag">
      <Filter>Resource Files</Filter>
    </None>
    <None Include="assets\default\shaders\line3d\line3d.geom">
      <Filter>Resource Files</Filter>
    </None>
    <None Include="assets\default\shaders\line3d\line3d.vert">
      <Filter>Resource Files</Filter>
    </None>
    <None Include="assets\default\shaders\point2d\point2d.frag">
      <Filter>Resource Files</Filter>
    </None>
    <None Include="assets\default\shaders\point2d\point2d.geom">
      <Filter>Resource Files</Filter>
    </None>
    <None Include="assets\default\shaders\point2d\point2d.vert">
      <Filter>Resource Files</Filter>
    </None>
    <None Include="assets\default\shaders\text\text.geom">
      <Filter>Resource Files</Filter>
    </None>
    <None Include="assets\default\shaders\text\text.vert">
      <Filter>Resource Files</Filter>
    </None>
    <None Include="assets\default\shaders\text\text_lcd.frag">
      <Filter>Resource Files</Filter>
    </None>
    <None Include="assets\default\shaders\text\text_normal.frag">
      <Filter>Resource Files</Filter>
    </None>
    <None Include="assets\default\shaders\text\text_sdf.frag">
      <Filter>Resource Files</Filter>
    </None>
    <None Include="assets\default\vertexDiffuse.glsl">
      <Filter>Resource Files</Filter>
    </None>
    <None Include="scripts\CopyDependencies.bat">
      <Filter>Source Files</Filter>
    </None>
    <None Include="scripts\InstallBlazeEngine.bat">
      <Filter>Source Files</Filter>
    </None>
  </ItemGroup>
  <ItemGroup>
    <Image Include="assets\default\default.png">
      <Filter>Resource Files</Filter>
    </Image>
    <Image Include="assets\default\logo.ico">
      <Filter>Resource Files</Filter>
    </Image>
    <Image Include="assets\default\logo.png">
      <Filter>Resource Files</Filter>
    </Image>
    <Image Include="assets\default\cubemap\cubemap_column.png">
      <Filter>Resource Files</Filter>
    </Image>
    <Image Include="assets\default\cubemap\cubemap_horizontal_cross.png">
      <Filter>Resource Files</Filter>
    </Image>
    <Image Include="assets\default\cubemap\cubemap_row.png">
      <Filter>Resource Files</Filter>
    </Image>
    <Image Include="assets\default\cubemap\cubemap_vertical_cross.png">
      <Filter>Resource Files</Filter>
    </Image>
  </ItemGroup>
  <ItemGroup>
    <Font Include="assets\default\fonts\Consola.ttf">
      <Filter>Resource Files</Filter>
    </Font>
  </ItemGroup>
</Project>