<?xml version="1.0" encoding="utf-8"?>
<Project ToolsVersion="4.0" xmlns="http://schemas.microsoft.com/developer/msbuild/2003">
  <ItemGroup>
    <Filter Include="Source Files">
      <UniqueIdentifier>{4FC737F1-C7A5-4376-A066-2A32D752A2FF}</UniqueIdentifier>
      <Extensions>cpp;c;cc;cxx;c++;def;odl;idl;hpj;bat;asm;asmx</Extensions>
    </Filter>
    <Filter Include="Header Files">
      <UniqueIdentifier>{93995380-89BD-4b04-88EB-625FBE52EBFB}</UniqueIdentifier>
      <Extensions>h;hh;hpp;hxx;h++;hm;inl;inc;ipp;xsd</Extensions>
    </Filter>
    <Filter Include="Resource Files">
      <UniqueIdentifier>{67DA6AB6-F800-4c08-8B7A-83BB121AAD01}</UniqueIdentifier>
      <Extensions>rc;ico;cur;bmp;dlg;rc2;rct;bin;rgs;gif;jpg;jpeg;jpe;resx;tiff;tif;png;wav;mfcribbon-ms</Extensions>
    </Filter>
  </ItemGroup>
  <ItemGroup>
    <ClInclude Include="engine\include\BlazeEngine\Utilities\ThreadWorker.h">
      <Filter>Header Files</Filter>
    </ClInclude>
    <ClInclude Include="engine\include\BlazeEngine\Utilities\Timer.h">
      <Filter>Header Files</Filter>
    </ClInclude>
    <ClInclude Include="engine\include\BlazeEngine\BlazeEngine.h">
      <Filter>Header Files</Filter>
    </ClInclude>
    <ClInclude Include="engine\include\BlazeEngine\Core\Application.h">
      <Filter>Header Files</Filter>
    </ClInclude>
    <ClInclude Include="engine\include\BlazeEngine\Core\EngineCore.h">
      <Filter>Header Files</Filter>
    </ClInclude>
    <ClInclude Include="engine\include\BlazeEngine\Core\Window.h">
      <Filter>Header Files</Filter>
    </ClInclude>
    <ClInclude Include="engine\include\BlazeEngine\Graphics\Buffer.h">
      <Filter>Header Files</Filter>
    </ClInclude>
    <ClInclude Include="engine\include\BlazeEngine\Graphics\Renderer.h">
      <Filter>Header Files</Filter>
    </ClInclude>
    <ClInclude Include="engine\include\BlazeEngine\Input\Input.h">
      <Filter>Header Files</Filter>
    </ClInclude>
    <ClInclude Include="engine\include\BlazeEngine\Utilities\File.h">
      <Filter>Header Files</Filter>
    </ClInclude>
    <ClInclude Include="engine\include\BlazeEngine\DataStructures\Color.h">
      <Filter>Header Files</Filter>
    </ClInclude>
    <ClInclude Include="engine\include\BlazeEngine\DataStructures\Types.h">
      <Filter>Header Files</Filter>
    </ClInclude>
    <ClInclude Include="engine\include\BlazeEngine\DataStructures\String.h">
      <Filter>Header Files</Filter>
    </ClInclude>
    <ClInclude Include="engine\include\BlazeEngine\Math\Math.h">
      <Filter>Header Files</Filter>
    </ClInclude>
    <ClInclude Include="engine\include\BlazeEngine\Math\Random.h">
      <Filter>Header Files</Filter>
    </ClInclude>
    <ClInclude Include="engine\include\BlazeEngine\DataStructures\Common.h">
      <Filter>Header Files</Filter>
    </ClInclude>
    <ClInclude Include="engine\include\BlazeEngine\Input\Key.h">
      <Filter>Header Files</Filter>
    </ClInclude>
    <ClInclude Include="engine\include\BlazeEngine\DataStructures\AxisAngle.h">
      <Filter>Header Files</Filter>
    </ClInclude>
    <ClInclude Include="engine\include\BlazeEngine\DataStructures\Quaternion.h">
      <Filter>Header Files</Filter>
    </ClInclude>
    <ClInclude Include="engine\include\BlazeEngine\DataStructures\Matrix.h">
      <Filter>Header Files</Filter>
    </ClInclude>
    <ClInclude Include="engine\include\BlazeEngine\DataStructures\Vector.h">
      <Filter>Header Files</Filter>
    </ClInclude>
    <ClInclude Include="engine\include\BlazeEngine\Graphics\Shader.h">
      <Filter>Header Files</Filter>
    </ClInclude>
    <ClInclude Include="engine\include\BlazeEngine\Core\Logger.h">
      <Filter>Header Files</Filter>
    </ClInclude>
    <ClInclude Include="engine\include\BlazeEngine\Graphics\VertexLayout.h">
      <Filter>Header Files</Filter>
    </ClInclude>
    <ClInclude Include="engine\include\BlazeEngine\Graphics\ShaderProgram.h">
      <Filter>Header Files</Filter>
    </ClInclude>
    <ClInclude Include="engine\include\BlazeEngine\DataStructures\Guard.h">
      <Filter>Header Files</Filter>
    </ClInclude>
    <ClInclude Include="engine\include\BlazeEngine\DataStructures\ByteStream.h">
      <Filter>Header Files</Filter>
    </ClInclude>
    <ClInclude Include="engine\include\BlazeEngine\DataStructures\StringStream.h">
      <Filter>Header Files</Filter>
    </ClInclude>
    <ClInclude Include="engine\include\BlazeEngine\DataStructures\StringView.h">
      <Filter>Header Files</Filter>
    </ClInclude>
    <ClInclude Include="engine\include\BlazeEngine\DataStructures\Stream.h">
      <Filter>Header Files</Filter>
    </ClInclude>
    <ClInclude Include="engine\include\BlazeEngine\DataStructures\Serializer.h">
      <Filter>Header Files</Filter>
    </ClInclude>
    <ClInclude Include="engine\include\BlazeEngine\DataStructures\Rect.h">
      <Filter>Header Files</Filter>
    </ClInclude>
    <ClInclude Include="engine\include\BlazeEngine\DataStructures\TypeTraits.h">
      <Filter>Header Files</Filter>
    </ClInclude>
    <ClInclude Include="engine\include\BlazeEngine\DataStructures\ArrayView.h">
      <Filter>Header Files</Filter>
    </ClInclude>
    <ClInclude Include="engine\include\BlazeEngine\Utilities\Time.h">
      <Filter>Header Files</Filter>
    </ClInclude>
    <ClInclude Include="engine\include\BlazeEngine\DataStructures\OrderedTuple.h">
      <Filter>Header Files</Filter>
    </ClInclude>
    <ClInclude Include="engine\include\BlazeEngine\Graphics\Mesh.h">
      <Filter>Header Files</Filter>
    </ClInclude>
    <ClInclude Include="engine\include\BlazeEngine\Graphics\Material.h">
      <Filter>Header Files</Filter>
    </ClInclude>
    <ClInclude Include="engine\include\BlazeEngine\Graphics\Bitmap.h">
      <Filter>Header Files</Filter>
    </ClInclude>
    <ClInclude Include="engine\include\BlazeEngine\Graphics\Texture.h">
      <Filter>Header Files</Filter>
    </ClInclude>
    <ClInclude Include="engine\include\BlazeEngine\Graphics\TextRenderer.h">
      <Filter>Header Files</Filter>
    </ClInclude>
    <ClInclude Include="engine\include\BlazeEngine\Console\Console.h">
      <Filter>Header Files</Filter>
    </ClInclude>
    <ClInclude Include="engine\include\BlazeEngine\Console\Frame.h">
      <Filter>Header Files</Filter>
    </ClInclude>
    <ClInclude Include="engine\include\BlazeEngine\Console\LogList.h">
      <Filter>Header Files</Filter>
    </ClInclude>
    <ClInclude Include="engine\source\BlazeEngine\Internal\SafeTerminate.h">
      <Filter>Header Files</Filter>
    </ClInclude>
    <ClInclude Include="engine\source\BlazeEngine\Internal\TypeStructs.h">
      <Filter>Header Files</Filter>
    </ClInclude>
    <ClInclude Include="engine\source\BlazeEngine\Internal\Engine.h">
      <Filter>Header Files</Filter>
    </ClInclude>
  </ItemGroup>
  <ItemGroup>
    <ClCompile Include="engine\source\BlazeEngine\Utilities\File.cpp">
      <Filter>Source Files</Filter>
    </ClCompile>
    <ClCompile Include="engine\source\BlazeEngine\Utilities\Time.cpp">
      <Filter>Source Files</Filter>
    </ClCompile>
    <ClCompile Include="engine\source\BlazeEngine\Utilities\Timer.cpp">
      <Filter>Source Files</Filter>
    </ClCompile>
    <ClCompile Include="engine\source\BlazeEngine\Math\Random.cpp">
      <Filter>Source Files</Filter>
    </ClCompile>
    <ClCompile Include="engine\source\BlazeEngine\Input\Key.cpp">
      <Filter>Source Files</Filter>
    </ClCompile>
    <ClCompile Include="engine\source\BlazeEngine\Input\Input.cpp">
      <Filter>Source Files</Filter>
    </ClCompile>
    <ClCompile Include="engine\source\BlazeEngine\Graphics\Bitmap.cpp">
      <Filter>Source Files</Filter>
    </ClCompile>
    <ClCompile Include="engine\source\BlazeEngine\Graphics\Buffer.cpp">
      <Filter>Source Files</Filter>
    </ClCompile>
    <ClCompile Include="engine\source\BlazeEngine\Graphics\Mesh.cpp">
      <Filter>Source Files</Filter>
    </ClCompile>
    <ClCompile Include="engine\source\BlazeEngine\Graphics\Renderer.cpp">
      <Filter>Source Files</Filter>
    </ClCompile>
    <ClCompile Include="engine\source\BlazeEngine\Graphics\Shader.cpp">
      <Filter>Source Files</Filter>
    </ClCompile>
    <ClCompile Include="engine\source\BlazeEngine\Graphics\ShaderProgram.cpp">
      <Filter>Source Files</Filter>
    </ClCompile>
    <ClCompile Include="engine\source\BlazeEngine\Graphics\TextRenderer.cpp">
      <Filter>Source Files</Filter>
    </ClCompile>
    <ClCompile Include="engine\source\BlazeEngine\Graphics\Texture.cpp">
      <Filter>Source Files</Filter>
    </ClCompile>
    <ClCompile Include="engine\source\BlazeEngine\Graphics\VertexLayout.cpp">
      <Filter>Source Files</Filter>
    </ClCompile>
    <ClCompile Include="engine\source\BlazeEngine\DataStructures\Types.cpp">
      <Filter>Source Files</Filter>
    </ClCompile>
    <ClCompile Include="engine\source\BlazeEngine\DataStructures\StringView.cpp">
      <Filter>Source Files</Filter>
    </ClCompile>
    <ClCompile Include="engine\source\BlazeEngine\DataStructures\StringStream.cpp">
      <Filter>Source Files</Filter>
    </ClCompile>
    <ClCompile Include="engine\source\BlazeEngine\DataStructures\String.cpp">
      <Filter>Source Files</Filter>
    </ClCompile>
    <ClCompile Include="engine\source\BlazeEngine\Core\ByteStream.cpp">
      <Filter>Source Files</Filter>
    </ClCompile>
    <ClCompile Include="engine\source\BlazeEngine\Core\Application.cpp">
      <Filter>Source Files</Filter>
    </ClCompile>
    <ClCompile Include="engine\source\BlazeEngine\Core\EngineCore.cpp">
      <Filter>Source Files</Filter>
    </ClCompile>
    <ClCompile Include="engine\source\BlazeEngine\Core\Logger.cpp">
      <Filter>Source Files</Filter>
    </ClCompile>
    <ClCompile Include="engine\source\BlazeEngine\Core\Window.cpp">
      <Filter>Source Files</Filter>
    </ClCompile>
    <ClCompile Include="engine\source\BlazeEngine\Console\Console.cpp">
      <Filter>Source Files</Filter>
    </ClCompile>
    <ClCompile Include="engine\source\BlazeEngine\Console\Frame.cpp">
      <Filter>Source Files</Filter>
    </ClCompile>
    <ClCompile Include="engine\source\BlazeEngine\Console\LogList.cpp">
      <Filter>Source Files</Filter>
    </ClCompile>
    <ClCompile Include="engine\source\BlazeEngine\Graphics\Material.cpp">
      <Filter>Source Files</Filter>
    </ClCompile>
    <ClCompile Include="engine\source\BlazeEngine\Internal\Engine.cpp">
      <Filter>Source Files</Filter>
    </ClCompile>
  </ItemGroup>
  <ItemGroup>
    <None Include="engine\assets\default\vertexDiffuse.glsl" />
    <None Include="engine\assets\default\fragmentDiffuse.glsl" />
  </ItemGroup>
  <ItemGroup>
    <Image Include="engine\assets\default\default.png">
      <Filter>Resource Files</Filter>
    </Image>
    <Image Include="engine\assets\default\logo.png">
      <Filter>Resource Files</Filter>
    </Image>
    <Image Include="engine\assets\default\cubemap\cubemap_column.png">
      <Filter>Resource Files</Filter>
    </Image>
    <Image Include="engine\assets\default\cubemap\cubemap_horizontal_cross.png">
      <Filter>Resource Files</Filter>
    </Image>
    <Image Include="engine\assets\default\cubemap\cubemap_row.png">
      <Filter>Resource Files</Filter>
    </Image>
    <Image Include="engine\assets\default\cubemap\cubemap_vertical_cross.png">
      <Filter>Resource Files</Filter>
    </Image>
  </ItemGroup>
</Project>