<?xml version="1.0" encoding="utf-8"?>
<Project ToolsVersion="4.0" xmlns="http://schemas.microsoft.com/developer/msbuild/2003">
  <ItemGroup>
    <Filter Include="Source Files">
      <UniqueIdentifier>{4FC737F1-C7A5-4376-A066-2A32D752A2FF}</UniqueIdentifier>
      <Extensions>cpp;c;cc;cxx;c++;cppm;ixx;def;odl;idl;hpj;bat;asm;asmx</Extensions>
    </Filter>
    <Filter Include="Header Files">
      <UniqueIdentifier>{93995380-89BD-4b04-88EB-625FBE52EBFB}</UniqueIdentifier>
      <Extensions>h;hh;hpp;hxx;h++;hm;inl;inc;ipp;xsd</Extensions>
    </Filter>
    <Filter Include="Resource Files">
      <UniqueIdentifier>{67DA6AB6-F800-4c08-8B7A-83BB121AAD01}</UniqueIdentifier>
      <Extensions>rc;ico;cur;bmp;dlg;rc2;rct;bin;rgs;gif;jpg;jpeg;jpe;resx;tiff;tif;png;wav;mfcribbon-ms</Extensions>
    </Filter>
  </ItemGroup>
  <ItemGroup>
    <ClInclude Include="include\BlazeEngine\Application\ECS\Component.h">
      <Filter>Header Files</Filter>
    </ClInclude>
    <ClInclude Include="include\BlazeEngine\Application\ECS\ComponentTypeRegistry.h">
      <Filter>Header Files</Filter>
    </ClInclude>
    <ClInclude Include="include\BlazeEngine\Application\ECS\Entity.h">
      <Filter>Header Files</Filter>
    </ClInclude>
    <ClInclude Include="include\BlazeEngine\Application\ECS\EntityReference.h">
      <Filter>Header Files</Filter>
    </ClInclude>
    <ClInclude Include="include\BlazeEngine\Application\ECS\EntityView.h">
      <Filter>Header Files</Filter>
    </ClInclude>
    <ClInclude Include="include\BlazeEngine\Application\ECS\Scene.h">
      <Filter>Header Files</Filter>
    </ClInclude>
    <ClInclude Include="include\BlazeEngine\Application\ECS\System.h">
      <Filter>Header Files</Filter>
    </ClInclude>
    <ClInclude Include="include\BlazeEngine\Application\ResourceSystem\Resource.h">
      <Filter>Header Files</Filter>
    </ClInclude>
    <ClInclude Include="include\BlazeEngine\Event\EventDispatcher.h">
      <Filter>Header Files</Filter>
    </ClInclude>
    <ClInclude Include="include\BlazeEngine\Event\EventHandler.h">
      <Filter>Header Files</Filter>
    </ClInclude>
    <ClInclude Include="include\BlazeEngine\Event\LambdaEventHandler.h">
      <Filter>Header Files</Filter>
    </ClInclude>
    <ClInclude Include="include\BlazeEngine\Event\QueueEventDispatcher.h">
      <Filter>Header Files</Filter>
    </ClInclude>
    <ClInclude Include="include\BlazeEngine\Input\Input.h">
      <Filter>Header Files</Filter>
    </ClInclude>
    <ClInclude Include="include\BlazeEngine\Input\InputEvents.h">
      <Filter>Header Files</Filter>
    </ClInclude>
    <ClInclude Include="include\BlazeEngine\Input\Key.h">
      <Filter>Header Files</Filter>
    </ClInclude>
    <ClInclude Include="include\BlazeEngine\BlazeEngine.h">
      <Filter>Header Files</Filter>
    </ClInclude>
    <ClInclude Include="include\BlazeEngine\Window\WindowSDL.h">
      <Filter>Header Files</Filter>
    </ClInclude>
    <ClInclude Include="include\BlazeEngine\Window\WindowBase.h">
      <Filter>Header Files</Filter>
    </ClInclude>
    <ClInclude Include="include\BlazeEngine\Window\Window.h">
      <Filter>Header Files</Filter>
    </ClInclude>
    <ClInclude Include="source\BlazeEngine\Resources\Bitmap\SailClasses.h">
      <Filter>Header Files</Filter>
    </ClInclude>
    <ClInclude Include="source\BlazeEngine\Resources\Font\rectpack2D.h">
      <Filter>Header Files</Filter>
    </ClInclude>
    <ClInclude Include="source\BlazeEngine\Application\ECS\EntityCreationData.h">
      <Filter>Header Files</Filter>
    </ClInclude>
    <ClInclude Include="source\BlazeEngine\Application\ECS\SystemCreationData.h">
      <Filter>Header Files</Filter>
    </ClInclude>
    <ClInclude Include="source\pch.h">
      <Filter>Header Files</Filter>
    </ClInclude>
    <ClInclude Include="source\BlazeEngine\Internal\Libraries\FreeType.h">
      <Filter>Header Files</Filter>
    </ClInclude>
    <ClInclude Include="source\BlazeEngine\Internal\Libraries\SDL.h">
      <Filter>Header Files</Filter>
    </ClInclude>
    <ClInclude Include="source\BlazeEngine\Internal\Conversions.h">
      <Filter>Header Files</Filter>
    </ClInclude>
    <ClInclude Include="source\BlazeEngine\Internal\GlobalData.h">
      <Filter>Header Files</Filter>
    </ClInclude>
    <ClInclude Include="include\BlazeEngine\Resources\Font\TextLayouter.h">
      <Filter>Header Files</Filter>
    </ClInclude>
    <ClInclude Include="include\BlazeEngine\BlazeEngineDefines.h">
      <Filter>Header Files</Filter>
    </ClInclude>
    <ClInclude Include="include\BlazeEngine\Console\Console.h">
      <Filter>Header Files</Filter>
    </ClInclude>
    <ClInclude Include="include\BlazeEngine\Resources\Font\Font.h">
      <Filter>Header Files</Filter>
    </ClInclude>
    <ClInclude Include="include\BlazeEngine\Resources\Bitmap\Bitmap.h">
      <Filter>Header Files</Filter>
    </ClInclude>
    <ClInclude Include="source\BlazeEngine\Internal\ThreadTaskQueue.h">
      <Filter>Header Files</Filter>
    </ClInclude>
    <ClInclude Include="source\BlazeEngine\Internal\ThreadEventStack.h">
      <Filter>Header Files</Filter>
    </ClInclude>
    <ClInclude Include="source\BlazeEngine\Internal\Libraries\sail.h">
      <Filter>Header Files</Filter>
    </ClInclude>
    <ClInclude Include="source\BlazeEngine\Files\Consola.h">
      <Filter>Header Files</Filter>
    </ClInclude>
    <ClInclude Include="include\BlazeEngine\Console\ConsoleOutputStream.h">
      <Filter>Header Files</Filter>
    </ClInclude>
  </ItemGroup>
  <ItemGroup>
    <ClCompile Include="source\BlazeEngine\Input\Input.cpp">
      <Filter>Source Files</Filter>
    </ClCompile>
    <ClCompile Include="source\BlazeEngine\Input\Key.cpp">
      <Filter>Source Files</Filter>
    </ClCompile>
    <ClCompile Include="source\BlazeEngine\Resources\Bitmap\Bitmap.cpp">
      <Filter>Source Files</Filter>
    </ClCompile>
    <ClCompile Include="source\BlazeEngine\Window\WindowBase.cpp">
      <Filter>Source Files</Filter>
    </ClCompile>
    <ClCompile Include="source\BlazeEngine\Window\WindowSDL.cpp">
      <Filter>Source Files</Filter>
    </ClCompile>
    <ClCompile Include="source\BlazeEngine\EntryPoint\EntryPoint.cpp">
      <Filter>Source Files</Filter>
    </ClCompile>
    <ClCompile Include="source\BlazeEngine\Application\ECS\Component.cpp">
      <Filter>Source Files</Filter>
    </ClCompile>
    <ClCompile Include="source\BlazeEngine\Application\ECS\ComponentTypeRegistry.cpp">
      <Filter>Source Files</Filter>
    </ClCompile>
    <ClCompile Include="source\BlazeEngine\Application\ECS\Entity.cpp">
      <Filter>Source Files</Filter>
    </ClCompile>
    <ClCompile Include="source\BlazeEngine\Application\ECS\EntityCreationData.cpp">
      <Filter>Source Files</Filter>
    </ClCompile>
    <ClCompile Include="source\BlazeEngine\Application\ECS\Scene.cpp">
      <Filter>Source Files</Filter>
    </ClCompile>
    <ClCompile Include="source\BlazeEngine\Application\ECS\System.cpp">
      <Filter>Source Files</Filter>
    </ClCompile>
    <ClCompile Include="source\pch.cpp">
      <Filter>Source Files</Filter>
    </ClCompile>
    <ClCompile Include="source\BlazeEngine\Internal\Libraries\FreeType.cpp">
      <Filter>Source Files</Filter>
    </ClCompile>
    <ClCompile Include="source\BlazeEngine\Internal\Libraries\Libraries.cpp">
      <Filter>Source Files</Filter>
    </ClCompile>
    <ClCompile Include="source\BlazeEngine\Internal\Libraries\SDL.cpp">
      <Filter>Source Files</Filter>
    </ClCompile>
    <ClCompile Include="source\BlazeEngine\Internal\Conversions.cpp">
      <Filter>Source Files</Filter>
    </ClCompile>
    <ClCompile Include="source\BlazeEngine\Internal\GlobalData.cpp">
      <Filter>Source Files</Filter>
    </ClCompile>
    <ClCompile Include="source\BlazeEngine\Resources\Font\TextLayouter.cpp">
      <Filter>Source Files</Filter>
    </ClCompile>
    <ClCompile Include="source\BlazeEngine\Console\Console.cpp">
      <Filter>Source Files</Filter>
    </ClCompile>
    <ClCompile Include="source\BlazeEngine\Resources\Bitmap\SailClasses.cpp">
      <Filter>Source Files</Filter>
    </ClCompile>
    <ClCompile Include="source\BlazeEngine\Internal\Libraries\sail.cpp">
      <Filter>Source Files</Filter>
    </ClCompile>
    <ClCompile Include="source\BlazeEngine\Resources\Font\Font.cpp">
      <Filter>Source Files</Filter>
    </ClCompile>
    <ClCompile Include="source\BlazeEngine\Files\Consola.cpp">
      <Filter>Source Files</Filter>
    </ClCompile>
    <ClCompile Include="source\BlazeEngine\Console\ConsoleOutputStream.cpp">
      <Filter>Source Files</Filter>
    </ClCompile>
    <ClCompile Include="source\BlazeEngine\Application\ResourceSystem\Resource.cpp">
      <Filter>Source Files</Filter>
    </ClCompile>
  </ItemGroup>
  <ItemGroup>
    <Font Include="source\BlazeEngine\Files\Consola.ttf" />
  </ItemGroup>
  <ItemGroup>
    <None Include="vcpkg.json" />
  </ItemGroup>
</Project>