<?xml version="1.0" encoding="utf-8"?>
<Project ToolsVersion="4.0" xmlns="http://schemas.microsoft.com/developer/msbuild/2003">
  <ItemGroup>
    <Filter Include="Source Files">
      <UniqueIdentifier>{4FC737F1-C7A5-4376-A066-2A32D752A2FF}</UniqueIdentifier>
      <Extensions>cpp;c;cc;cxx;c++;cppm;ixx;def;odl;idl;hpj;bat;asm;asmx</Extensions>
    </Filter>
    <Filter Include="Header Files">
      <UniqueIdentifier>{93995380-89BD-4b04-88EB-625FBE52EBFB}</UniqueIdentifier>
      <Extensions>h;hh;hpp;hxx;h++;hm;inl;inc;ipp;xsd</Extensions>
    </Filter>
    <Filter Include="Resource Files">
      <UniqueIdentifier>{67DA6AB6-F800-4c08-8B7A-83BB121AAD01}</UniqueIdentifier>
      <Extensions>rc;ico;cur;bmp;dlg;rc2;rct;bin;rgs;gif;jpg;jpeg;jpe;resx;tiff;tif;png;wav;mfcribbon-ms</Extensions>
    </Filter>
  </ItemGroup>
  <ItemGroup>
    <ClInclude Include="source\pch.h">
      <Filter>Header Files</Filter>
    </ClInclude>
    <ClInclude Include="include\BlazeEngine\BlazeEngineUI.h">
      <Filter>Header Files</Filter>
    </ClInclude>
    <ClInclude Include="include\BlazeEngine\UI\Common\ButtonBase.h">
      <Filter>Header Files</Filter>
    </ClInclude>
    <ClInclude Include="include\BlazeEngine\UI\Core\Node.h">
      <Filter>Header Files</Filter>
    </ClInclude>
    <ClInclude Include="include\BlazeEngine\UI\Core\NodeDataMap.h">
      <Filter>Header Files</Filter>
    </ClInclude>
    <ClInclude Include="include\BlazeEngine\UI\Core\NodeFinalTransform.h">
      <Filter>Header Files</Filter>
    </ClInclude>
    <ClInclude Include="include\BlazeEngine\UI\Core\NodeTransform.h">
      <Filter>Header Files</Filter>
    </ClInclude>
    <ClInclude Include="include\BlazeEngine\UI\Core\NodeTreeIterator.h">
      <Filter>Header Files</Filter>
    </ClInclude>
    <ClInclude Include="include\BlazeEngine\UI\Core\NodeTreeView.h">
      <Filter>Header Files</Filter>
    </ClInclude>
    <ClInclude Include="include\BlazeEngine\UI\Core\Screen.h">
      <Filter>Header Files</Filter>
    </ClInclude>
    <ClInclude Include="include\BlazeEngine\UI\Graphics\RenderNode.h">
      <Filter>Header Files</Filter>
    </ClInclude>
    <ClInclude Include="include\BlazeEngine\UI\Graphics\GraphicsSubSystem.h">
      <Filter>Header Files</Filter>
    </ClInclude>
    <ClInclude Include="include\BlazeEngine\UI\Graphics\RenderUnits\ImageRenderUnit.h">
      <Filter>Header Files</Filter>
    </ClInclude>
    <ClInclude Include="include\BlazeEngine\UI\Graphics\RenderUnits\PanelRenderUnit.h">
      <Filter>Header Files</Filter>
    </ClInclude>
    <ClInclude Include="include\BlazeEngine\UI\Graphics\RenderContext.h">
      <Filter>Header Files</Filter>
    </ClInclude>
    <ClInclude Include="include\BlazeEngine\UI\Graphics\RenderUnit.h">
      <Filter>Header Files</Filter>
    </ClInclude>
    <ClInclude Include="include\BlazeEngine\UI\Nodes\EmptyNode.h">
      <Filter>Header Files</Filter>
    </ClInclude>
    <ClInclude Include="include\BlazeEngine\UI\Nodes\Image.h">
      <Filter>Header Files</Filter>
    </ClInclude>
    <ClInclude Include="include\BlazeEngine\UI\Nodes\Panel.h">
      <Filter>Header Files</Filter>
    </ClInclude>
    <ClInclude Include="include\BlazeEngine\UI\Nodes\Label.h">
      <Filter>Header Files</Filter>
    </ClInclude>
    <ClInclude Include="include\BlazeEngine\UI\Common\CharacterSet.h">
      <Filter>Header Files</Filter>
    </ClInclude>
    <ClInclude Include="include\BlazeEngine\UI\Text\Font.h">
      <Filter>Header Files</Filter>
    </ClInclude>
    <ClInclude Include="include\BlazeEngine\UI\Text\FontFace.h">
      <Filter>Header Files</Filter>
    </ClInclude>
    <ClInclude Include="include\BlazeEngine\UI\Input\InputSubSystem.h">
      <Filter>Header Files</Filter>
    </ClInclude>
    <ClInclude Include="include\BlazeEngine\UI\Input\InputNode.h">
      <Filter>Header Files</Filter>
    </ClInclude>
    <ClInclude Include="source\BlazeEngine\UI\Files\Consola.h">
      <Filter>Header Files</Filter>
    </ClInclude>
    <ClInclude Include="include\BlazeEngine\UI\Text\FontGlyphRenderer.h">
      <Filter>Header Files</Filter>
    </ClInclude>
    <ClInclude Include="include\BlazeEngine\UI\Text\FontAtlas.h">
      <Filter>Header Files</Filter>
    </ClInclude>
    <ClInclude Include="source\BlazeEngine\External\rectpack2D\rectpack2D.h">
      <Filter>Header Files</Filter>
    </ClInclude>
    <ClInclude Include="source\BlazeEngine\External\rectpack2D\best_bin_finder.h">
      <Filter>Header Files</Filter>
    </ClInclude>
    <ClInclude Include="source\BlazeEngine\External\rectpack2D\empty_space_allocators.h">
      <Filter>Header Files</Filter>
    </ClInclude>
    <ClInclude Include="source\BlazeEngine\External\rectpack2D\empty_spaces.h">
      <Filter>Header Files</Filter>
    </ClInclude>
    <ClInclude Include="source\BlazeEngine\External\rectpack2D\finders_interface.h">
      <Filter>Header Files</Filter>
    </ClInclude>
    <ClInclude Include="source\BlazeEngine\External\rectpack2D\insert_and_split.h">
      <Filter>Header Files</Filter>
    </ClInclude>
    <ClInclude Include="source\BlazeEngine\External\rectpack2D\rect_structs.h">
      <Filter>Header Files</Filter>
    </ClInclude>
    <ClInclude Include="include\BlazeEngine\UI\Text\TextShaping\WrappedTextShaping.h">
      <Filter>Header Files</Filter>
    </ClInclude>
    <ClInclude Include="include\BlazeEngine\UI\Text\TextShaping\TextShaping.h">
      <Filter>Header Files</Filter>
    </ClInclude>
    <ClInclude Include="include\BlazeEngine\UI\Graphics\RenderUnits\StaticTextRenderUnit.h">
      <Filter>Header Files</Filter>
    </ClInclude>
    <ClInclude Include="include\BlazeEngine\UI\Text\TextStyle.h">
      <Filter>Header Files</Filter>
    </ClInclude>
    <ClInclude Include="include\BlazeEngine\UI\Nodes\PanelButton.h">
      <Filter>Header Files</Filter>
    </ClInclude>
    <ClInclude Include="include\BlazeEngine\UI\Nodes\Slider.h">
      <Filter>Header Files</Filter>
    </ClInclude>
    <ClInclude Include="include\BlazeEngine\UI\UIContext.h">
      <Filter>Header Files</Filter>
    </ClInclude>
    <ClInclude Include="include\BlazeEngine\UI\Common\System.h">
      <Filter>Header Files</Filter>
    </ClInclude>
    <ClInclude Include="include\BlazeEngine\UI\Input\InputEvents.h">
      <Filter>Header Files</Filter>
    </ClInclude>
  </ItemGroup>
  <ItemGroup>
    <ClCompile Include="source\pch.cpp">
      <Filter>Source Files</Filter>
    </ClCompile>
    <ClCompile Include="source\BlazeEngine\UI\Common\ButtonBase.cpp">
      <Filter>Source Files</Filter>
    </ClCompile>
    <ClCompile Include="source\BlazeEngine\UI\Core\Node.cpp">
      <Filter>Source Files</Filter>
    </ClCompile>
    <ClCompile Include="source\BlazeEngine\UI\Core\NodeDataMap.cpp">
      <Filter>Source Files</Filter>
    </ClCompile>
    <ClCompile Include="source\BlazeEngine\UI\Core\NodeFinalTransform.cpp">
      <Filter>Source Files</Filter>
    </ClCompile>
    <ClCompile Include="source\BlazeEngine\UI\Core\NodeTransform.cpp">
      <Filter>Source Files</Filter>
    </ClCompile>
    <ClCompile Include="source\BlazeEngine\UI\Core\NodeTreeIterator.cpp">
      <Filter>Source Files</Filter>
    </ClCompile>
    <ClCompile Include="source\BlazeEngine\UI\Core\NodeTreeView.cpp">
      <Filter>Source Files</Filter>
    </ClCompile>
    <ClCompile Include="source\BlazeEngine\UI\Core\Screen.cpp">
      <Filter>Source Files</Filter>
    </ClCompile>
    <ClCompile Include="source\BlazeEngine\UI\Graphics\GraphicsSubSystem.cpp">
      <Filter>Source Files</Filter>
    </ClCompile>
    <ClCompile Include="source\BlazeEngine\UI\Graphics\RenderUnits\ImageRenderUnit.cpp">
      <Filter>Source Files</Filter>
    </ClCompile>
    <ClCompile Include="source\BlazeEngine\UI\Graphics\RenderUnits\PanelRenderUnit.cpp">
      <Filter>Source Files</Filter>
    </ClCompile>
    <ClCompile Include="source\BlazeEngine\UI\Input\InputNode.cpp">
      <Filter>Source Files</Filter>
    </ClCompile>
    <ClCompile Include="source\BlazeEngine\UI\Nodes\EmptyNode.cpp">
      <Filter>Source Files</Filter>
    </ClCompile>
    <ClCompile Include="source\BlazeEngine\UI\Nodes\Image.cpp">
      <Filter>Source Files</Filter>
    </ClCompile>
    <ClCompile Include="source\BlazeEngine\UI\Files\Consola.cpp">
      <Filter>Source Files</Filter>
    </ClCompile>
    <ClCompile Include="source\BlazeEngine\UI\Nodes\Panel.cpp">
      <Filter>Source Files</Filter>
    </ClCompile>
    <ClCompile Include="source\BlazeEngine\UI\Common\CharacterSet.cpp">
      <Filter>Source Files</Filter>
    </ClCompile>
    <ClCompile Include="source\BlazeEngine\UI\Text\Font.cpp">
      <Filter>Source Files</Filter>
    </ClCompile>
    <ClCompile Include="source\BlazeEngine\UI\Text\FontFace.cpp">
      <Filter>Source Files</Filter>
    </ClCompile>
    <ClCompile Include="source\BlazeEngine\UI\Text\FontAtlas.cpp">
      <Filter>Source Files</Filter>
    </ClCompile>
    <ClCompile Include="source\BlazeEngine\UI\Text\FontGlyphRenderer.cpp">
      <Filter>Source Files</Filter>
    </ClCompile>
    <ClCompile Include="source\BlazeEngine\UI\Text\TextShaping\TextShaping.cpp">
      <Filter>Source Files</Filter>
    </ClCompile>
    <ClCompile Include="source\BlazeEngine\UI\Text\TextShaping\WrappedTextShaping.cpp">
      <Filter>Source Files</Filter>
    </ClCompile>
    <ClCompile Include="source\BlazeEngine\UI\Graphics\RenderUnits\StaticTextRenderUnit.cpp">
      <Filter>Source Files</Filter>
    </ClCompile>
    <ClCompile Include="source\BlazeEngine\UI\Nodes\Label.cpp">
      <Filter>Source Files</Filter>
    </ClCompile>
    <ClCompile Include="source\BlazeEngine\UI\Text\TextStyle.cpp">
      <Filter>Source Files</Filter>
    </ClCompile>
    <ClCompile Include="source\BlazeEngine\UI\Nodes\PanelButton.cpp">
      <Filter>Source Files</Filter>
    </ClCompile>
    <ClCompile Include="source\BlazeEngine\UI\Nodes\Slider.cpp">
      <Filter>Source Files</Filter>
    </ClCompile>
    <ClCompile Include="source\BlazeEngine\UI\Input\InputSubSystem.cpp">
      <Filter>Source Files</Filter>
    </ClCompile>
    <ClCompile Include="source\BlazeEngine\UI\Common\System.cpp">
      <Filter>Source Files</Filter>
    </ClCompile>
  </ItemGroup>
  <ItemGroup>
    <Font Include="source\BlazeEngine\UI\Files\Consola.ttf" />
  </ItemGroup>
</Project>