<?xml version="1.0" encoding="utf-8"?>
<Project ToolsVersion="4.0" xmlns="http://schemas.microsoft.com/developer/msbuild/2003">
  <ItemGroup>
    <Filter Include="Source Files">
      <UniqueIdentifier>{4FC737F1-C7A5-4376-A066-2A32D752A2FF}</UniqueIdentifier>
      <Extensions>cpp;c;cc;cxx;c++;cppm;ixx;def;odl;idl;hpj;bat;asm;asmx</Extensions>
    </Filter>
    <Filter Include="Header Files">
      <UniqueIdentifier>{93995380-89BD-4b04-88EB-625FBE52EBFB}</UniqueIdentifier>
      <Extensions>h;hh;hpp;hxx;h++;hm;inl;inc;ipp;xsd</Extensions>
    </Filter>
    <Filter Include="Resource Files">
      <UniqueIdentifier>{67DA6AB6-F800-4c08-8B7A-83BB121AAD01}</UniqueIdentifier>
      <Extensions>rc;ico;cur;bmp;dlg;rc2;rct;bin;rgs;gif;jpg;jpeg;jpe;resx;tiff;tif;png;wav;mfcribbon-ms</Extensions>
    </Filter>
  </ItemGroup>
  <ItemGroup>
    <ClCompile Include="source\pch.cpp">
      <Filter>Source Files</Filter>
    </ClCompile>
    <ClCompile Include="source\BlazeEngineGraphics\Core\Dynamic\GraphicsContext.cpp">
      <Filter>Source Files</Filter>
    </ClCompile>
    <ClCompile Include="source\BlazeEngineGraphics\Core\OpenGL\OpenGLWrapper\OpenGLCommon.cpp">
      <Filter>Source Files</Filter>
    </ClCompile>
    <ClCompile Include="source\BlazeEngineGraphics\Core\OpenGL\OpenGLWrapper\OpenGLContext.cpp">
      <Filter>Source Files</Filter>
    </ClCompile>
    <ClCompile Include="source\BlazeEngineGraphics\Core\OpenGL\OpenGLWrapper\OpenGLConversions.cpp">
      <Filter>Source Files</Filter>
    </ClCompile>
    <ClCompile Include="source\BlazeEngineGraphics\Core\OpenGL\OpenGLWrapper\OpenGLFence.cpp">
      <Filter>Source Files</Filter>
    </ClCompile>
    <ClCompile Include="source\BlazeEngineGraphics\Core\OpenGL\OpenGLWrapper\OpenGLFramebuffer.cpp">
      <Filter>Source Files</Filter>
    </ClCompile>
    <ClCompile Include="source\BlazeEngineGraphics\Core\OpenGL\OpenGLWrapper\OpenGLGraphicsBuffer.cpp">
      <Filter>Source Files</Filter>
    </ClCompile>
    <ClCompile Include="source\BlazeEngineGraphics\Core\OpenGL\OpenGLWrapper\OpenGLProgram.cpp">
      <Filter>Source Files</Filter>
    </ClCompile>
    <ClCompile Include="source\BlazeEngineGraphics\Core\OpenGL\OpenGLWrapper\OpenGLRenderbuffer.cpp">
      <Filter>Source Files</Filter>
    </ClCompile>
    <ClCompile Include="source\BlazeEngineGraphics\Core\OpenGL\OpenGLWrapper\OpenGLShader.cpp">
      <Filter>Source Files</Filter>
    </ClCompile>
    <ClCompile Include="source\BlazeEngineGraphics\Core\OpenGL\OpenGLWrapper\OpenGLVertexArray.cpp">
      <Filter>Source Files</Filter>
    </ClCompile>
    <ClCompile Include="source\BlazeEngineGraphics\Core\OpenGL\OpenGLWrapper\Textures\OpenGLTexture1D.cpp">
      <Filter>Source Files</Filter>
    </ClCompile>
    <ClCompile Include="source\BlazeEngineGraphics\Core\OpenGL\OpenGLWrapper\Textures\OpenGLTexture2D.cpp">
      <Filter>Source Files</Filter>
    </ClCompile>
    <ClCompile Include="source\BlazeEngineGraphics\Core\OpenGL\OpenGLWrapper\Textures\OpenGLTexture2DArray.cpp">
      <Filter>Source Files</Filter>
    </ClCompile>
    <ClCompile Include="source\BlazeEngineGraphics\Core\OpenGL\OpenGLWrapper\Textures\OpenGLTexture3D.cpp">
      <Filter>Source Files</Filter>
    </ClCompile>
    <ClCompile Include="source\BlazeEngineGraphics\Core\OpenGL\OpenGLWrapper\Textures\OpenGLTextureBuffer.cpp">
      <Filter>Source Files</Filter>
    </ClCompile>
    <ClCompile Include="source\BlazeEngineGraphics\Core\OpenGL\OpenGLWrapper\Textures\OpenGLTextureCubemap.cpp">
      <Filter>Source Files</Filter>
    </ClCompile>
    <ClCompile Include="source\BlazeEngineGraphics\Core\OpenGL\Framebuffer_OpenGL.cpp">
      <Filter>Source Files</Filter>
    </ClCompile>
    <ClCompile Include="source\BlazeEngineGraphics\Core\OpenGL\GraphicsContext_OpenGL.cpp">
      <Filter>Source Files</Filter>
    </ClCompile>
    <ClCompile Include="source\BlazeEngineGraphics\Core\OpenGL\RenderWindowFramebuffer_OpenGL.cpp">
      <Filter>Source Files</Filter>
    </ClCompile>
    <ClCompile Include="source\BlazeEngineGraphics\Core\OpenGL\RenderWindow_OpenGL.cpp">
      <Filter>Source Files</Filter>
    </ClCompile>
    <ClCompile Include="source\BlazeEngineGraphics\Core\OpenGL\Semaphore_OpenGL.cpp">
      <Filter>Source Files</Filter>
    </ClCompile>
    <ClCompile Include="source\BlazeEngineGraphics\Renderers\OpenGL\Line2DRenderer_OpenGL.cpp">
      <Filter>Source Files</Filter>
    </ClCompile>
    <ClCompile Include="source\BlazeEngineGraphics\UI\Core\UINode.cpp">
      <Filter>Source Files</Filter>
    </ClCompile>
    <ClCompile Include="source\BlazeEngineGraphics\UI\Core\UIScreen.cpp">
      <Filter>Source Files</Filter>
    </ClCompile>
    <ClCompile Include="source\BlazeEngineGraphics\UI\Elements\UIImage.cpp">
      <Filter>Source Files</Filter>
    </ClCompile>
    <ClCompile Include="source\BlazeEngineGraphics\UI\Elements\UIInputBox.cpp">
      <Filter>Source Files</Filter>
    </ClCompile>
    <ClCompile Include="source\BlazeEngineGraphics\UI\Elements\UIPanel.cpp">
      <Filter>Source Files</Filter>
    </ClCompile>
    <ClCompile Include="source\BlazeEngineGraphics\UI\Elements\UIText.cpp">
      <Filter>Source Files</Filter>
    </ClCompile>
    <ClCompile Include="source\BlazeEngineGraphics\UI\Elements\UITextButton.cpp">
      <Filter>Source Files</Filter>
    </ClCompile>
    <ClCompile Include="source\BlazeEngineGraphics\UI\Graphics\RenderPipelines\OpenGL\UIRenderPipeline_OpenGL.cpp">
      <Filter>Source Files</Filter>
    </ClCompile>
    <ClCompile Include="source\BlazeEngineGraphics\UI\Input\UIInputManager.cpp">
      <Filter>Source Files</Filter>
    </ClCompile>
    <ClCompile Include="source\BlazeEngineGraphics\UI\Input\UIInputNode.cpp">
      <Filter>Source Files</Filter>
    </ClCompile>
    <ClCompile Include="source\BlazeEngineGraphics\UI\Input\UIKeyboardEventHandler.cpp">
      <Filter>Source Files</Filter>
    </ClCompile>
    <ClCompile Include="source\BlazeEngineGraphics\UI\Input\UIMouseEventHandler.cpp">
      <Filter>Source Files</Filter>
    </ClCompile>
    <ClCompile Include="source\BlazeEngineGraphics\UI\Input\UISelectEventHandler.cpp">
      <Filter>Source Files</Filter>
    </ClCompile>
    <ClCompile Include="source\BlazeEngineGraphics\UI\Graphics\RenderStreams\OpenGL\ImageRenderStream_OpenGL.cpp">
      <Filter>Source Files</Filter>
    </ClCompile>
    <ClCompile Include="source\BlazeEngineGraphics\UI\Graphics\RenderStreams\OpenGL\PanelRenderStream_OpenGL.cpp">
      <Filter>Source Files</Filter>
    </ClCompile>
    <ClCompile Include="source\BlazeEngineGraphics\UI\Graphics\RenderStreams\OpenGL\TextInputRenderStream_OpenGL.cpp">
      <Filter>Source Files</Filter>
    </ClCompile>
    <ClCompile Include="source\BlazeEngineGraphics\UI\Graphics\RenderStreams\OpenGL\TextRenderStream_OpenGL.cpp">
      <Filter>Source Files</Filter>
    </ClCompile>
    <ClCompile Include="source\BlazeEngineGraphics\Renderers\OpenGL\PanelRenderer_OpenGL.cpp">
      <Filter>Source Files</Filter>
    </ClCompile>
    <ClCompile Include="source\BlazeEngineGraphics\Renderers\OpenGL\TextRenderer_OpenGL.cpp">
      <Filter>Source Files</Filter>
    </ClCompile>
    <ClCompile Include="source\BlazeEngineGraphics\Renderers\OpenGL\TexturedRectRenderer_OpenGL.cpp">
      <Filter>Source Files</Filter>
    </ClCompile>
  </ItemGroup>
  <ItemGroup>
    <ClInclude Include="source\pch.h">
      <Filter>Header Files</Filter>
    </ClInclude>
    <ClInclude Include="include\BlazeEngineGraphics\Core\Dynamic\GraphicsContext.h">
      <Filter>Header Files</Filter>
    </ClInclude>
    <ClInclude Include="include\BlazeEngineGraphics\Core\OpenGL\OpenGLWrapper\Textures\OpenGLTexture1D.h">
      <Filter>Header Files</Filter>
    </ClInclude>
    <ClInclude Include="include\BlazeEngineGraphics\Core\OpenGL\OpenGLWrapper\Textures\OpenGLTexture2D.h">
      <Filter>Header Files</Filter>
    </ClInclude>
    <ClInclude Include="include\BlazeEngineGraphics\Core\OpenGL\OpenGLWrapper\Textures\OpenGLTexture2DArray.h">
      <Filter>Header Files</Filter>
    </ClInclude>
    <ClInclude Include="include\BlazeEngineGraphics\Core\OpenGL\OpenGLWrapper\Textures\OpenGLTexture3D.h">
      <Filter>Header Files</Filter>
    </ClInclude>
    <ClInclude Include="include\BlazeEngineGraphics\Core\OpenGL\OpenGLWrapper\Textures\OpenGLTextureBuffer.h">
      <Filter>Header Files</Filter>
    </ClInclude>
    <ClInclude Include="include\BlazeEngineGraphics\Core\OpenGL\OpenGLWrapper\Textures\OpenGLTextureCubemap.h">
      <Filter>Header Files</Filter>
    </ClInclude>
    <ClInclude Include="include\BlazeEngineGraphics\Core\OpenGL\OpenGLWrapper\Textures\OpenGLTextureEnums.h">
      <Filter>Header Files</Filter>
    </ClInclude>
    <ClInclude Include="include\BlazeEngineGraphics\Core\OpenGL\OpenGLWrapper\OpenGLCommon.h">
      <Filter>Header Files</Filter>
    </ClInclude>
    <ClInclude Include="include\BlazeEngineGraphics\Core\OpenGL\OpenGLWrapper\OpenGLContext.h">
      <Filter>Header Files</Filter>
    </ClInclude>
    <ClInclude Include="include\BlazeEngineGraphics\Core\OpenGL\OpenGLWrapper\OpenGLConversions.h">
      <Filter>Header Files</Filter>
    </ClInclude>
    <ClInclude Include="include\BlazeEngineGraphics\Core\OpenGL\OpenGLWrapper\OpenGLEnums.h">
      <Filter>Header Files</Filter>
    </ClInclude>
    <ClInclude Include="include\BlazeEngineGraphics\Core\OpenGL\OpenGLWrapper\OpenGLFence.h">
      <Filter>Header Files</Filter>
    </ClInclude>
    <ClInclude Include="include\BlazeEngineGraphics\Core\OpenGL\OpenGLWrapper\OpenGLFramebuffer.h">
      <Filter>Header Files</Filter>
    </ClInclude>
    <ClInclude Include="include\BlazeEngineGraphics\Core\OpenGL\OpenGLWrapper\OpenGLGraphicsBuffer.h">
      <Filter>Header Files</Filter>
    </ClInclude>
    <ClInclude Include="include\BlazeEngineGraphics\Core\OpenGL\OpenGLWrapper\OpenGLProgram.h">
      <Filter>Header Files</Filter>
    </ClInclude>
    <ClInclude Include="include\BlazeEngineGraphics\Core\OpenGL\OpenGLWrapper\OpenGLRenderbuffer.h">
      <Filter>Header Files</Filter>
    </ClInclude>
    <ClInclude Include="include\BlazeEngineGraphics\Core\OpenGL\OpenGLWrapper\OpenGLShader.h">
      <Filter>Header Files</Filter>
    </ClInclude>
    <ClInclude Include="include\BlazeEngineGraphics\Core\OpenGL\OpenGLWrapper\OpenGLVertexArray.h">
      <Filter>Header Files</Filter>
    </ClInclude>
    <ClInclude Include="include\BlazeEngineGraphics\Core\OpenGL\Framebuffer_OpenGL.h">
      <Filter>Header Files</Filter>
    </ClInclude>
    <ClInclude Include="include\BlazeEngineGraphics\Core\OpenGL\GraphicsContext_OpenGL.h">
      <Filter>Header Files</Filter>
    </ClInclude>
    <ClInclude Include="include\BlazeEngineGraphics\Core\OpenGL\RenderWindowFramebuffer_OpenGL.h">
      <Filter>Header Files</Filter>
    </ClInclude>
    <ClInclude Include="include\BlazeEngineGraphics\Core\OpenGL\RenderWindow_OpenGL.h">
      <Filter>Header Files</Filter>
    </ClInclude>
    <ClInclude Include="include\BlazeEngineGraphics\Core\OpenGL\Semaphore_OpenGL.h">
      <Filter>Header Files</Filter>
    </ClInclude>
    <ClInclude Include="include\BlazeEngineGraphics\Renderers\OpenGL\Line2DRenderer_OpenGL.h">
      <Filter>Header Files</Filter>
    </ClInclude>
    <ClInclude Include="include\BlazeEngineGraphics\Renderers\Vulkan\Line2DRenderer_Vulkan.h">
      <Filter>Header Files</Filter>
    </ClInclude>
    <ClInclude Include="include\BlazeEngineGraphics\Core\Vulkan\Framebuffer_Vulkan.h">
      <Filter>Header Files</Filter>
    </ClInclude>
    <ClInclude Include="include\BlazeEngineGraphics\Core\Vulkan\GraphicsContext_Vulkan.h">
      <Filter>Header Files</Filter>
    </ClInclude>
    <ClInclude Include="include\BlazeEngineGraphics\Core\Vulkan\RenderWindowFramebuffer_Vulkan.h">
      <Filter>Header Files</Filter>
    </ClInclude>
    <ClInclude Include="include\BlazeEngineGraphics\Core\Vulkan\RenderWindow_Vulkan.h">
      <Filter>Header Files</Filter>
    </ClInclude>
    <ClInclude Include="include\BlazeEngineGraphics\Core\Vulkan\Semaphore_Vulkan.h">
      <Filter>Header Files</Filter>
    </ClInclude>
    <ClInclude Include="include\BlazeEngineGraphics\Core\Vulkan\Swapchain_Vulkan.h">
      <Filter>Header Files</Filter>
    </ClInclude>
    <ClInclude Include="include\BlazeEngineGraphics\Core\Vulkan\VulkanInstance.h">
      <Filter>Header Files</Filter>
    </ClInclude>
    <ClInclude Include="include\BlazeEngineGraphics\BlazeEngineGraphics.h">
      <Filter>Header Files</Filter>
    </ClInclude>
    <ClInclude Include="include\BlazeEngineGraphics\BlazeEngineGraphicsDefines.h">
      <Filter>Header Files</Filter>
    </ClInclude>
    <ClInclude Include="include\BlazeEngineGraphics\UI\Core\UINode.h">
      <Filter>Header Files</Filter>
    </ClInclude>
    <ClInclude Include="include\BlazeEngineGraphics\UI\Core\UIScreen.h">
      <Filter>Header Files</Filter>
    </ClInclude>
    <ClInclude Include="include\BlazeEngineGraphics\UI\Elements\UIImage.h">
      <Filter>Header Files</Filter>
    </ClInclude>
    <ClInclude Include="include\BlazeEngineGraphics\UI\Elements\UIInputBox.h">
      <Filter>Header Files</Filter>
    </ClInclude>
    <ClInclude Include="include\BlazeEngineGraphics\UI\Elements\UIPanel.h">
      <Filter>Header Files</Filter>
    </ClInclude>
    <ClInclude Include="include\BlazeEngineGraphics\UI\Elements\UIText.h">
      <Filter>Header Files</Filter>
    </ClInclude>
    <ClInclude Include="include\BlazeEngineGraphics\UI\Elements\UITextButton.h">
      <Filter>Header Files</Filter>
    </ClInclude>
    <ClInclude Include="include\BlazeEngineGraphics\UI\Graphics\RenderPipelines\OpenGL\UIRenderPipeline_OpenGL.h">
      <Filter>Header Files</Filter>
    </ClInclude>
    <ClInclude Include="include\BlazeEngineGraphics\UI\Input\UIInputManager.h">
      <Filter>Header Files</Filter>
    </ClInclude>
    <ClInclude Include="include\BlazeEngineGraphics\UI\Input\UIInputNode.h">
      <Filter>Header Files</Filter>
    </ClInclude>
    <ClInclude Include="include\BlazeEngineGraphics\UI\Input\UIKeyboardEventHandler.h">
      <Filter>Header Files</Filter>
    </ClInclude>
    <ClInclude Include="include\BlazeEngineGraphics\UI\Input\UIMouseEventHandler.h">
      <Filter>Header Files</Filter>
    </ClInclude>
    <ClInclude Include="include\BlazeEngineGraphics\UI\Input\UISelectEventHandler.h">
      <Filter>Header Files</Filter>
    </ClInclude>
    <ClInclude Include="include\BlazeEngineGraphics\UI\Graphics\RenderStreams\OpenGL\ImageRenderStream_OpenGL.h">
      <Filter>Header Files</Filter>
    </ClInclude>
    <ClInclude Include="include\BlazeEngineGraphics\UI\Graphics\RenderStreams\OpenGL\PanelRenderStream_OpenGL.h">
      <Filter>Header Files</Filter>
    </ClInclude>
    <ClInclude Include="include\BlazeEngineGraphics\UI\Graphics\RenderStreams\OpenGL\TextInputRenderStream_OpenGL.h">
      <Filter>Header Files</Filter>
    </ClInclude>
    <ClInclude Include="include\BlazeEngineGraphics\UI\Graphics\RenderStreams\OpenGL\TextRenderStream_OpenGL.h">
      <Filter>Header Files</Filter>
    </ClInclude>
    <ClInclude Include="include\BlazeEngineGraphics\Renderers\OpenGL\PanelRenderer_OpenGL.h">
      <Filter>Header Files</Filter>
    </ClInclude>
    <ClInclude Include="include\BlazeEngineGraphics\Renderers\OpenGL\TextRenderer_OpenGL.h">
      <Filter>Header Files</Filter>
    </ClInclude>
    <ClInclude Include="include\BlazeEngineGraphics\Renderers\OpenGL\TexturedRectRenderer_OpenGL.h">
      <Filter>Header Files</Filter>
    </ClInclude>
    <ClInclude Include="include\BlazeEngineGraphics\Core\StreamRenderer.h">
      <Filter>Header Files</Filter>
    </ClInclude>
    <ClInclude Include="include\BlazeEngineGraphics\Core\RenderStream.h">
      <Filter>Header Files</Filter>
    </ClInclude>
  </ItemGroup>
</Project>