<?xml version="1.0" encoding="utf-8"?>
<Project ToolsVersion="4.0" xmlns="http://schemas.microsoft.com/developer/msbuild/2003">
  <ItemGroup>
    <Filter Include="Source Files">
      <UniqueIdentifier>{4FC737F1-C7A5-4376-A066-2A32D752A2FF}</UniqueIdentifier>
      <Extensions>cpp;c;cc;cxx;c++;cppm;ixx;def;odl;idl;hpj;bat;asm;asmx</Extensions>
    </Filter>
    <Filter Include="Header Files">
      <UniqueIdentifier>{93995380-89BD-4b04-88EB-625FBE52EBFB}</UniqueIdentifier>
      <Extensions>h;hh;hpp;hxx;h++;hm;inl;inc;ipp;xsd</Extensions>
    </Filter>
    <Filter Include="Resource Files">
      <UniqueIdentifier>{67DA6AB6-F800-4c08-8B7A-83BB121AAD01}</UniqueIdentifier>
      <Extensions>rc;ico;cur;bmp;dlg;rc2;rct;bin;rgs;gif;jpg;jpeg;jpe;resx;tiff;tif;png;wav;mfcribbon-ms</Extensions>
    </Filter>
  </ItemGroup>
  <ItemGroup>
    <ClCompile Include="source\pch.cpp">
      <Filter>Source Files</Filter>
    </ClCompile>
    <ClCompile Include="source\BlazeEngineGraphics\Core\Dynamic\GraphicsContext.cpp">
      <Filter>Source Files</Filter>
    </ClCompile>
    <ClCompile Include="source\BlazeEngineGraphics\Core\OpenGL\OpenGLWrapper\OpenGLConversions.cpp">
      <Filter>Source Files</Filter>
    </ClCompile>
    <ClCompile Include="source\BlazeEngineGraphics\Core\OpenGL\OpenGLWrapper\OpenGLFence.cpp">
      <Filter>Source Files</Filter>
    </ClCompile>
    <ClCompile Include="source\BlazeEngineGraphics\Core\OpenGL\OpenGLWrapper\OpenGLGraphicsBuffer.cpp">
      <Filter>Source Files</Filter>
    </ClCompile>
    <ClCompile Include="source\BlazeEngineGraphics\Core\OpenGL\OpenGLWrapper\OpenGLProgram.cpp">
      <Filter>Source Files</Filter>
    </ClCompile>
    <ClCompile Include="source\BlazeEngineGraphics\Core\OpenGL\OpenGLWrapper\OpenGLRenderbuffer.cpp">
      <Filter>Source Files</Filter>
    </ClCompile>
    <ClCompile Include="source\BlazeEngineGraphics\Core\OpenGL\OpenGLWrapper\OpenGLShader.cpp">
      <Filter>Source Files</Filter>
    </ClCompile>
    <ClCompile Include="source\BlazeEngineGraphics\Core\OpenGL\OpenGLWrapper\OpenGLVertexArray.cpp">
      <Filter>Source Files</Filter>
    </ClCompile>
    <ClCompile Include="source\BlazeEngineGraphics\Core\OpenGL\OpenGLWrapper\Textures\OpenGLTexture1D.cpp">
      <Filter>Source Files</Filter>
    </ClCompile>
    <ClCompile Include="source\BlazeEngineGraphics\Core\OpenGL\OpenGLWrapper\Textures\OpenGLTexture2D.cpp">
      <Filter>Source Files</Filter>
    </ClCompile>
    <ClCompile Include="source\BlazeEngineGraphics\Core\OpenGL\Framebuffer_OpenGL.cpp">
      <Filter>Source Files</Filter>
    </ClCompile>
    <ClCompile Include="source\BlazeEngineGraphics\Core\OpenGL\GraphicsContext_OpenGL.cpp">
      <Filter>Source Files</Filter>
    </ClCompile>
    <ClCompile Include="source\BlazeEngineGraphics\Core\OpenGL\RenderWindowFramebuffer_OpenGL.cpp">
      <Filter>Source Files</Filter>
    </ClCompile>
    <ClCompile Include="source\BlazeEngineGraphics\Core\OpenGL\RenderWindow_OpenGL.cpp">
      <Filter>Source Files</Filter>
    </ClCompile>
    <ClCompile Include="source\BlazeEngineGraphics\Core\OpenGL\Semaphore_OpenGL.cpp">
      <Filter>Source Files</Filter>
    </ClCompile>
    <ClCompile Include="source\BlazeEngineGraphics\UI\Core\Node.cpp">
      <Filter>Source Files</Filter>
    </ClCompile>
    <ClCompile Include="source\BlazeEngineGraphics\UI\Core\Screen.cpp">
      <Filter>Source Files</Filter>
    </ClCompile>
    <ClCompile Include="source\BlazeEngineGraphics\UI\Nodes\Panel.cpp">
      <Filter>Source Files</Filter>
    </ClCompile>
    <ClCompile Include="source\BlazeEngineGraphics\UI\Nodes\Text.cpp">
      <Filter>Source Files</Filter>
    </ClCompile>
    <ClCompile Include="source\BlazeEngineGraphics\UI\Nodes\TextButton.cpp">
      <Filter>Source Files</Filter>
    </ClCompile>
    <ClCompile Include="source\BlazeEngineGraphics\UI\Graphics\RenderPipelines\OpenGL\UIRenderPipeline_OpenGL.cpp">
      <Filter>Source Files</Filter>
    </ClCompile>
    <ClCompile Include="source\BlazeEngineGraphics\UI\Input\InputManager.cpp">
      <Filter>Source Files</Filter>
    </ClCompile>
    <ClCompile Include="source\BlazeEngineGraphics\Renderers\OpenGL\PanelRenderer_OpenGL.cpp">
      <Filter>Source Files</Filter>
    </ClCompile>
    <ClCompile Include="source\BlazeEngineGraphics\Renderers\OpenGL\TexturedRectRenderer_OpenGL.cpp">
      <Filter>Source Files</Filter>
    </ClCompile>
    <ClCompile Include="source\BlazeEngineGraphics\Shaders\Shaders.cpp">
      <Filter>Source Files</Filter>
    </ClCompile>
    <ClCompile Include="source\BlazeEngineGraphics\Core\OpenGL\OpenGLFunctions.cpp">
      <Filter>Source Files</Filter>
    </ClCompile>
    <ClCompile Include="source\BlazeEngineGraphics\Renderers\OpenGL\Line2DRenderer_OpenGL.cpp">
      <Filter>Source Files</Filter>
    </ClCompile>
    <ClCompile Include="source\BlazeEngineGraphics\UI\Nodes\Image.cpp">
      <Filter>Source Files</Filter>
    </ClCompile>
    <ClCompile Include="source\BlazeEngineGraphics\UI\Graphics\RenderUnits\ImageRenderUnit.cpp">
      <Filter>Source Files</Filter>
    </ClCompile>
    <ClCompile Include="source\BlazeEngineGraphics\UI\Nodes\EditableText.cpp">
      <Filter>Source Files</Filter>
    </ClCompile>
    <ClCompile Include="source\BlazeEngineGraphics\UI\Nodes\SelectableText.cpp">
      <Filter>Source Files</Filter>
    </ClCompile>
    <ClCompile Include="source\BlazeEngineGraphics\UI\Common\SelectableTextBase.cpp">
      <Filter>Source Files</Filter>
    </ClCompile>
    <ClCompile Include="source\BlazeEngineGraphics\Renderers\OpenGL\Line3DRenderer_OpenGL.cpp">
      <Filter>Source Files</Filter>
    </ClCompile>
    <ClCompile Include="source\BlazeEngineGraphics\UI\Graphics\RenderUnits\TextCursor\TextCursorRenderUnitBase.cpp">
      <Filter>Source Files</Filter>
    </ClCompile>
    <ClCompile Include="source\BlazeEngineGraphics\UI\Graphics\RenderUnits\TextSelection\TextSelectionRenderUnitBase.cpp">
      <Filter>Source Files</Filter>
    </ClCompile>
    <ClCompile Include="source\BlazeEngineGraphics\UI\Graphics\RenderUnits\Text\TextRenderUnitBase.cpp">
      <Filter>Source Files</Filter>
    </ClCompile>
    <ClCompile Include="source\BlazeEngineGraphics\UI\Graphics\RenderUnits\Text\TextRenderUnit.cpp">
      <Filter>Source Files</Filter>
    </ClCompile>
    <ClCompile Include="source\BlazeEngineGraphics\UI\Common\EditableTextBase.cpp">
      <Filter>Source Files</Filter>
    </ClCompile>
    <ClCompile Include="source\BlazeEngineGraphics\UI\Graphics\RenderUnits\TextSelection\TextSelectionRenderUnit.cpp">
      <Filter>Source Files</Filter>
    </ClCompile>
    <ClCompile Include="source\BlazeEngineGraphics\UI\Graphics\RenderUnits\TextCursor\TextCursorRenderUnit.cpp">
      <Filter>Source Files</Filter>
    </ClCompile>
    <ClCompile Include="source\BlazeEngineGraphics\UI\Graphics\RenderUnits\PanelRenderUnit.cpp">
      <Filter>Source Files</Filter>
    </ClCompile>
    <ClCompile Include="source\BlazeEngineGraphics\Renderers\OpenGL\ColoredCharacterRenderer_OpenGL.cpp">
      <Filter>Source Files</Filter>
    </ClCompile>
    <ClCompile Include="source\BlazeEngineGraphics\UI\Common\ButtonBase.cpp">
      <Filter>Source Files</Filter>
    </ClCompile>
    <ClCompile Include="source\BlazeEngineGraphics\UI\Core\NodeDataMap.cpp">
      <Filter>Source Files</Filter>
    </ClCompile>
    <ClCompile Include="source\BlazeEngineGraphics\UI\Core\NodeTransform.cpp">
      <Filter>Source Files</Filter>
    </ClCompile>
    <ClCompile Include="source\BlazeEngineGraphics\UI\Core\NodeFinalTransform.cpp">
      <Filter>Source Files</Filter>
    </ClCompile>
    <ClCompile Include="source\BlazeEngineGraphics\UI\Core\NodeTreeIterator.cpp">
      <Filter>Source Files</Filter>
    </ClCompile>
    <ClCompile Include="source\BlazeEngineGraphics\UI\Core\NodeTreeView.cpp">
      <Filter>Source Files</Filter>
    </ClCompile>
    <ClCompile Include="source\BlazeEngineGraphics\UI\Nodes\EmptyNode.cpp">
      <Filter>Source Files</Filter>
    </ClCompile>
    <ClCompile Include="source\BlazeEngineGraphics\UI\Input\InputNode.cpp">
      <Filter>Source Files</Filter>
    </ClCompile>
    <ClCompile Include="source\BlazeEngineGraphics\Renderers\OpenGL\BasicMeshRenderer_OpenGL.cpp">
      <Filter>Source Files</Filter>
    </ClCompile>
    <ClCompile Include="source\BlazeEngineGraphics\UI\Common\StringUTF8TextContainer.cpp">
      <Filter>Source Files</Filter>
    </ClCompile>
    <ClCompile Include="source\BlazeEngineGraphics\UI\Common\TextCursor.cpp">
      <Filter>Source Files</Filter>
    </ClCompile>
    <ClCompile Include="source\BlazeEngineGraphics\UI\Common\TextSelection.cpp">
      <Filter>Source Files</Filter>
    </ClCompile>
    <ClCompile Include="source\BlazeEngineGraphics\UI\Common\TextContainerReference.cpp">
      <Filter>Source Files</Filter>
    </ClCompile>
    <ClCompile Include="source\BlazeEngineGraphics\Text\FontAtlas.cpp">
      <Filter>Source Files</Filter>
    </ClCompile>
  </ItemGroup>
  <ItemGroup>
    <ClInclude Include="source\pch.h">
      <Filter>Header Files</Filter>
    </ClInclude>
    <ClInclude Include="include\BlazeEngineGraphics\Core\Dynamic\GraphicsContext.h">
      <Filter>Header Files</Filter>
    </ClInclude>
    <ClInclude Include="include\BlazeEngineGraphics\Core\OpenGL\OpenGLWrapper\Textures\OpenGLTexture1D.h">
      <Filter>Header Files</Filter>
    </ClInclude>
    <ClInclude Include="include\BlazeEngineGraphics\Core\OpenGL\OpenGLWrapper\Textures\OpenGLTexture2D.h">
      <Filter>Header Files</Filter>
    </ClInclude>
    <ClInclude Include="source\BlazeEngineGraphics\Core\OpenGL\OpenGLWrapper\OpenGLConversions.h">
      <Filter>Header Files</Filter>
    </ClInclude>
    <ClInclude Include="include\BlazeEngineGraphics\Core\OpenGL\OpenGLWrapper\OpenGLEnums.h">
      <Filter>Header Files</Filter>
    </ClInclude>
    <ClInclude Include="include\BlazeEngineGraphics\Core\OpenGL\OpenGLWrapper\OpenGLFence.h">
      <Filter>Header Files</Filter>
    </ClInclude>
    <ClInclude Include="include\BlazeEngineGraphics\Core\OpenGL\OpenGLWrapper\OpenGLGraphicsBuffer.h">
      <Filter>Header Files</Filter>
    </ClInclude>
    <ClInclude Include="include\BlazeEngineGraphics\Core\OpenGL\OpenGLWrapper\OpenGLProgram.h">
      <Filter>Header Files</Filter>
    </ClInclude>
    <ClInclude Include="include\BlazeEngineGraphics\Core\OpenGL\OpenGLWrapper\OpenGLRenderbuffer.h">
      <Filter>Header Files</Filter>
    </ClInclude>
    <ClInclude Include="include\BlazeEngineGraphics\Core\OpenGL\OpenGLWrapper\OpenGLShader.h">
      <Filter>Header Files</Filter>
    </ClInclude>
    <ClInclude Include="include\BlazeEngineGraphics\Core\OpenGL\OpenGLWrapper\OpenGLVertexArray.h">
      <Filter>Header Files</Filter>
    </ClInclude>
    <ClInclude Include="include\BlazeEngineGraphics\Core\OpenGL\Framebuffer_OpenGL.h">
      <Filter>Header Files</Filter>
    </ClInclude>
    <ClInclude Include="include\BlazeEngineGraphics\Core\OpenGL\GraphicsContext_OpenGL.h">
      <Filter>Header Files</Filter>
    </ClInclude>
    <ClInclude Include="include\BlazeEngineGraphics\Core\OpenGL\RenderWindowFramebuffer_OpenGL.h">
      <Filter>Header Files</Filter>
    </ClInclude>
    <ClInclude Include="include\BlazeEngineGraphics\Core\OpenGL\RenderWindow_OpenGL.h">
      <Filter>Header Files</Filter>
    </ClInclude>
    <ClInclude Include="include\BlazeEngineGraphics\Core\OpenGL\Semaphore_OpenGL.h">
      <Filter>Header Files</Filter>
    </ClInclude>
    <ClInclude Include="include\BlazeEngineGraphics\Renderers\OpenGL\Line2DRenderer_OpenGL.h">
      <Filter>Header Files</Filter>
    </ClInclude>
    <ClInclude Include="include\BlazeEngineGraphics\Renderers\Vulkan\Line2DRenderer_Vulkan.h">
      <Filter>Header Files</Filter>
    </ClInclude>
    <ClInclude Include="include\BlazeEngineGraphics\Core\Vulkan\Framebuffer_Vulkan.h">
      <Filter>Header Files</Filter>
    </ClInclude>
    <ClInclude Include="include\BlazeEngineGraphics\Core\Vulkan\GraphicsContext_Vulkan.h">
      <Filter>Header Files</Filter>
    </ClInclude>
    <ClInclude Include="include\BlazeEngineGraphics\Core\Vulkan\RenderWindowFramebuffer_Vulkan.h">
      <Filter>Header Files</Filter>
    </ClInclude>
    <ClInclude Include="include\BlazeEngineGraphics\Core\Vulkan\RenderWindow_Vulkan.h">
      <Filter>Header Files</Filter>
    </ClInclude>
    <ClInclude Include="include\BlazeEngineGraphics\Core\Vulkan\Semaphore_Vulkan.h">
      <Filter>Header Files</Filter>
    </ClInclude>
    <ClInclude Include="include\BlazeEngineGraphics\Core\Vulkan\Swapchain_Vulkan.h">
      <Filter>Header Files</Filter>
    </ClInclude>
    <ClInclude Include="include\BlazeEngineGraphics\Core\Vulkan\VulkanInstance.h">
      <Filter>Header Files</Filter>
    </ClInclude>
    <ClInclude Include="include\BlazeEngineGraphics\BlazeEngineGraphics.h">
      <Filter>Header Files</Filter>
    </ClInclude>
    <ClInclude Include="include\BlazeEngineGraphics\BlazeEngineGraphicsDefines.h">
      <Filter>Header Files</Filter>
    </ClInclude>
    <ClInclude Include="include\BlazeEngineGraphics\Renderers\OpenGL\PanelRenderer_OpenGL.h">
      <Filter>Header Files</Filter>
    </ClInclude>
    <ClInclude Include="include\BlazeEngineGraphics\Renderers\OpenGL\TexturedRectRenderer_OpenGL.h">
      <Filter>Header Files</Filter>
    </ClInclude>
    <ClInclude Include="include\BlazeEngineGraphics\RenderStructure\StreamRenderer.h">
      <Filter>Header Files</Filter>
    </ClInclude>
    <ClInclude Include="include\BlazeEngineGraphics\RenderStructure\RenderStream.h">
      <Filter>Header Files</Filter>
    </ClInclude>
    <ClInclude Include="source\BlazeEngineGraphics\Shaders\Shaders.h">
      <Filter>Header Files</Filter>
    </ClInclude>
    <ClInclude Include="include\BlazeEngineGraphics\RenderScene\RenderUnit.h">
      <Filter>Header Files</Filter>
    </ClInclude>
    <ClInclude Include="include\BlazeEngineGraphics\RenderScene\RenderObject.h">
      <Filter>Header Files</Filter>
    </ClInclude>
    <ClInclude Include="include\BlazeEngineGraphics\UI\Nodes\Panel.h">
      <Filter>Header Files</Filter>
    </ClInclude>
    <ClInclude Include="include\BlazeEngineGraphics\UI\Nodes\Text.h">
      <Filter>Header Files</Filter>
    </ClInclude>
    <ClInclude Include="include\BlazeEngineGraphics\UI\Nodes\TextButton.h">
      <Filter>Header Files</Filter>
    </ClInclude>
    <ClInclude Include="include\BlazeEngineGraphics\UI\Graphics\RenderPipelines\OpenGL\UIRenderPipeline_OpenGL.h">
      <Filter>Header Files</Filter>
    </ClInclude>
    <ClInclude Include="include\BlazeEngineGraphics\UI\Graphics\RenderUnits\PanelRenderUnit.h">
      <Filter>Header Files</Filter>
    </ClInclude>
    <ClInclude Include="include\BlazeEngineGraphics\UI\Graphics\RenderUnits\Text\TextRenderUnit.h">
      <Filter>Header Files</Filter>
    </ClInclude>
    <ClInclude Include="include\BlazeEngineGraphics\UI\Input\InputManager.h">
      <Filter>Header Files</Filter>
    </ClInclude>
    <ClInclude Include="include\BlazeEngineGraphics\UI\Nodes\Image.h">
      <Filter>Header Files</Filter>
    </ClInclude>
    <ClInclude Include="include\BlazeEngineGraphics\UI\Graphics\RenderUnits\ImageRenderUnit.h">
      <Filter>Header Files</Filter>
    </ClInclude>
    <ClInclude Include="include\BlazeEngineGraphics\UI\Core\Screen.h">
      <Filter>Header Files</Filter>
    </ClInclude>
    <ClInclude Include="include\BlazeEngineGraphics\UI\Core\Node.h">
      <Filter>Header Files</Filter>
    </ClInclude>
    <ClInclude Include="include\BlazeEngineGraphics\Renderers\TexturedRectRenderer.h">
      <Filter>Header Files</Filter>
    </ClInclude>
    <ClInclude Include="include\BlazeEngineGraphics\Text\FontAtlas.h">
      <Filter>Header Files</Filter>
    </ClInclude>
    <ClInclude Include="include\BlazeEngineGraphics\Renderers\PanelRenderer.h">
      <Filter>Header Files</Filter>
    </ClInclude>
    <ClInclude Include="include\BlazeEngineGraphics\UI\Graphics\RenderUnits\TextSelection\TextSelectionRenderUnit.h">
      <Filter>Header Files</Filter>
    </ClInclude>
    <ClInclude Include="include\BlazeEngineGraphics\UI\Graphics\RenderUnits\TextCursor\TextCursorRenderUnit.h">
      <Filter>Header Files</Filter>
    </ClInclude>
    <ClInclude Include="include\BlazeEngineGraphics\UI\Nodes\EditableText.h">
      <Filter>Header Files</Filter>
    </ClInclude>
    <ClInclude Include="include\BlazeEngineGraphics\UI\Common\EditableTextBase.h">
      <Filter>Header Files</Filter>
    </ClInclude>
    <ClInclude Include="include\BlazeEngineGraphics\UI\Graphics\RenderUnits\Text\TextRenderUnitBase.h">
      <Filter>Header Files</Filter>
    </ClInclude>
    <ClInclude Include="include\BlazeEngineGraphics\UI\Graphics\RenderUnits\TextSelection\TextSelectionRenderUnitBase.h">
      <Filter>Header Files</Filter>
    </ClInclude>
    <ClInclude Include="include\BlazeEngineGraphics\UI\Graphics\RenderUnits\TextCursor\TextCursorRenderUnitBase.h">
      <Filter>Header Files</Filter>
    </ClInclude>
    <ClInclude Include="include\BlazeEngineGraphics\UI\Nodes\SelectableText.h">
      <Filter>Header Files</Filter>
    </ClInclude>
    <ClInclude Include="include\BlazeEngineGraphics\UI\Common\SelectableTextBase.h">
      <Filter>Header Files</Filter>
    </ClInclude>
    <ClInclude Include="source\BlazeEngineGraphics\Core\OpenGL\Debug_OpenGL.h">
      <Filter>Header Files</Filter>
    </ClInclude>
    <ClInclude Include="include\BlazeEngineGraphics\Renderers\OpenGL\Line3DRenderer_OpenGL.h">
      <Filter>Header Files</Filter>
    </ClInclude>
    <ClInclude Include="include\BlazeEngineGraphics\Renderers\OpenGL\ColoredCharacterRenderer_OpenGL.h">
      <Filter>Header Files</Filter>
    </ClInclude>
    <ClInclude Include="include\BlazeEngineGraphics\UI\Common\ButtonBase.h">
      <Filter>Header Files</Filter>
    </ClInclude>
    <ClInclude Include="include\BlazeEngineGraphics\UI\Core\NodeTransform.h">
      <Filter>Header Files</Filter>
    </ClInclude>
    <ClInclude Include="include\BlazeEngineGraphics\UI\Core\NodeFinalTransform.h">
      <Filter>Header Files</Filter>
    </ClInclude>
    <ClInclude Include="include\BlazeEngineGraphics\UI\Core\NodeDataMap.h">
      <Filter>Header Files</Filter>
    </ClInclude>
    <ClInclude Include="include\BlazeEngineGraphics\UI\Core\NodeTreeIterator.h">
      <Filter>Header Files</Filter>
    </ClInclude>
    <ClInclude Include="include\BlazeEngineGraphics\UI\Core\NodeTreeView.h">
      <Filter>Header Files</Filter>
    </ClInclude>
    <ClInclude Include="include\BlazeEngineGraphics\UI\Nodes\EmptyNode.h">
      <Filter>Header Files</Filter>
    </ClInclude>
    <ClInclude Include="include\BlazeEngineGraphics\UI\Input\InputNode.h">
      <Filter>Header Files</Filter>
    </ClInclude>
    <ClInclude Include="include\BlazeEngineGraphics\Renderers\OpenGL\BasicMeshRenderer_OpenGL.h">
      <Filter>Header Files</Filter>
    </ClInclude>
    <ClInclude Include="include\BlazeEngineGraphics\UI\Common\TextCursor.h">
      <Filter>Header Files</Filter>
    </ClInclude>
    <ClInclude Include="include\BlazeEngineGraphics\UI\Common\TextContainerBase.h">
      <Filter>Header Files</Filter>
    </ClInclude>
    <ClInclude Include="include\BlazeEngineGraphics\UI\Common\StringUTF8TextContainer.h">
      <Filter>Header Files</Filter>
    </ClInclude>
    <ClInclude Include="include\BlazeEngineGraphics\UI\Common\TextSelection.h">
      <Filter>Header Files</Filter>
    </ClInclude>
    <ClInclude Include="include\BlazeEngineGraphics\UI\Common\TextContainerReference.h">
      <Filter>Header Files</Filter>
    </ClInclude>
  </ItemGroup>
  <ItemGroup>
    <None Include="assets\shaders\Vulkan\compileShaders.bat">
      <Filter>Source Files</Filter>
    </None>
    <None Include="assets\shaders\Vulkan\line2d.frag" />
    <None Include="assets\shaders\Vulkan\line2d.vert" />
    <None Include="assets\shaders\Vulkan\line2d.frag.spv" />
    <None Include="assets\shaders\Vulkan\line2d.vert.spv" />
    <None Include="vcpkg.json" />
    <None Include="source\BlazeEngineGraphics\Shaders\OpenGL\line2d.frag" />
    <None Include="source\BlazeEngineGraphics\Shaders\OpenGL\line2d.vert" />
    <None Include="source\BlazeEngineGraphics\Shaders\OpenGL\panel.frag" />
    <None Include="source\BlazeEngineGraphics\Shaders\OpenGL\panel.vert" />
    <None Include="source\BlazeEngineGraphics\Shaders\OpenGL\text.frag" />
    <None Include="source\BlazeEngineGraphics\Shaders\OpenGL\texturedRect.frag" />
    <None Include="source\BlazeEngineGraphics\Shaders\OpenGL\line3d.frag" />
    <None Include="source\BlazeEngineGraphics\Shaders\OpenGL\line3d.vert" />
    <None Include="source\BlazeEngineGraphics\Shaders\OpenGL\texturedRect.vert" />
    <None Include="source\BlazeEngineGraphics\Shaders\OpenGL\basicMesh.vert" />
    <None Include="source\BlazeEngineGraphics\Shaders\OpenGL\basicMesh.frag" />
    <None Include="source\BlazeEngineGraphics\Shaders\OpenGL\basicMesh.geom" />
  </ItemGroup>
  <ItemGroup>
    <Natvis Include="BlazeEngineGraphicsNodeView.natvis" />
  </ItemGroup>
</Project>