<?xml version="1.0" encoding="utf-8"?>
<Project ToolsVersion="4.0" xmlns="http://schemas.microsoft.com/developer/msbuild/2003">
  <ItemGroup>
    <Filter Include="Source Files">
      <UniqueIdentifier>{4FC737F1-C7A5-4376-A066-2A32D752A2FF}</UniqueIdentifier>
      <Extensions>cpp;c;cc;cxx;c++;cppm;ixx;def;odl;idl;hpj;bat;asm;asmx</Extensions>
    </Filter>
    <Filter Include="Header Files">
      <UniqueIdentifier>{93995380-89BD-4b04-88EB-625FBE52EBFB}</UniqueIdentifier>
      <Extensions>h;hh;hpp;hxx;h++;hm;inl;inc;ipp;xsd</Extensions>
    </Filter>
    <Filter Include="Resource Files">
      <UniqueIdentifier>{67DA6AB6-F800-4c08-8B7A-83BB121AAD01}</UniqueIdentifier>
      <Extensions>rc;ico;cur;bmp;dlg;rc2;rct;bin;rgs;gif;jpg;jpeg;jpe;resx;tiff;tif;png;wav;mfcribbon-ms</Extensions>
    </Filter>
  </ItemGroup>
  <ItemGroup>
    <ClCompile Include="source\pch.cpp">
      <Filter>Source Files</Filter>
    </ClCompile>
    <ClCompile Include="source\BlazeEngine\Graphics\Common\BasicIndexedMesh.cpp">
      <Filter>Source Files</Filter>
    </ClCompile>
    <ClCompile Include="source\BlazeEngine\Graphics\Renderers\OpenGL\BufferedRendererBase_OpenGL.cpp">
      <Filter>Source Files</Filter>
    </ClCompile>
    <ClCompile Include="source\BlazeEngine\Graphics\Renderers\RenderContext.cpp">
      <Filter>Source Files</Filter>
    </ClCompile>
    <ClCompile Include="source\BlazeEngine\Graphics\Renderers\OpenGL\BasicIndexedMeshRenderer_OpenGL.cpp">
      <Filter>Source Files</Filter>
    </ClCompile>
    <ClCompile Include="source\BlazeEngine\Graphics\Core\OpenGL\OpenGLFunctions.cpp">
      <Filter>Source Files</Filter>
    </ClCompile>
    <ClCompile Include="source\BlazeEngine\Graphics\Renderers\RendererRegistry.cpp">
      <Filter>Source Files</Filter>
    </ClCompile>
    <ClCompile Include="source\BlazeEngine\Graphics\Shaders\Shaders.cpp">
      <Filter>Source Files</Filter>
    </ClCompile>
    <ClCompile Include="source\BlazeEngine\Graphics\Renderers\OpenGL\PanelRenderer_OpenGL.cpp">
      <Filter>Source Files</Filter>
    </ClCompile>
    <ClCompile Include="source\BlazeEngine\Graphics\Renderers\OpenGL\TexturedRectRenderer_OpenGL.cpp">
      <Filter>Source Files</Filter>
    </ClCompile>
    <ClCompile Include="source\BlazeEngine\Graphics\Core\Dynamic\GraphicsContext.cpp">
      <Filter>Source Files</Filter>
    </ClCompile>
    <ClCompile Include="source\BlazeEngine\Graphics\Core\OpenGL\OpenGLWrapper\OpenGLConversions.cpp">
      <Filter>Source Files</Filter>
    </ClCompile>
    <ClCompile Include="source\BlazeEngine\Graphics\Core\OpenGL\OpenGLWrapper\OpenGLFence.cpp">
      <Filter>Source Files</Filter>
    </ClCompile>
    <ClCompile Include="source\BlazeEngine\Graphics\Core\OpenGL\OpenGLWrapper\OpenGLGraphicsBuffer.cpp">
      <Filter>Source Files</Filter>
    </ClCompile>
    <ClCompile Include="source\BlazeEngine\Graphics\Core\OpenGL\OpenGLWrapper\OpenGLProgram.cpp">
      <Filter>Source Files</Filter>
    </ClCompile>
    <ClCompile Include="source\BlazeEngine\Graphics\Core\OpenGL\OpenGLWrapper\OpenGLRenderbuffer.cpp">
      <Filter>Source Files</Filter>
    </ClCompile>
    <ClCompile Include="source\BlazeEngine\Graphics\Core\OpenGL\OpenGLWrapper\OpenGLShader.cpp">
      <Filter>Source Files</Filter>
    </ClCompile>
    <ClCompile Include="source\BlazeEngine\Graphics\Core\OpenGL\OpenGLWrapper\OpenGLVertexArray.cpp">
      <Filter>Source Files</Filter>
    </ClCompile>
    <ClCompile Include="source\BlazeEngine\Graphics\Core\OpenGL\OpenGLWrapper\Textures\OpenGLTexture1D.cpp">
      <Filter>Source Files</Filter>
    </ClCompile>
    <ClCompile Include="source\BlazeEngine\Graphics\Core\OpenGL\OpenGLWrapper\Textures\OpenGLTexture2D.cpp">
      <Filter>Source Files</Filter>
    </ClCompile>
    <ClCompile Include="source\BlazeEngine\Graphics\Core\OpenGL\Framebuffer_OpenGL.cpp">
      <Filter>Source Files</Filter>
    </ClCompile>
    <ClCompile Include="source\BlazeEngine\Graphics\Core\OpenGL\GraphicsContext_OpenGL.cpp">
      <Filter>Source Files</Filter>
    </ClCompile>
    <ClCompile Include="source\BlazeEngine\Graphics\Core\OpenGL\RenderWindowFramebuffer_OpenGL.cpp">
      <Filter>Source Files</Filter>
    </ClCompile>
    <ClCompile Include="source\BlazeEngine\Graphics\Core\OpenGL\RenderWindow_OpenGL.cpp">
      <Filter>Source Files</Filter>
    </ClCompile>
    <ClCompile Include="source\BlazeEngine\Graphics\Core\OpenGL\Semaphore_OpenGL.cpp">
      <Filter>Source Files</Filter>
    </ClCompile>
  </ItemGroup>
  <ItemGroup>
    <ClInclude Include="source\pch.h">
      <Filter>Header Files</Filter>
    </ClInclude>
    <ClInclude Include="include\BlazeEngine\Graphics\BlazeEngineGraphics.h">
      <Filter>Header Files</Filter>
    </ClInclude>
    <ClInclude Include="include\BlazeEngine\Graphics\Core\Dynamic\GraphicsContext.h">
      <Filter>Header Files</Filter>
    </ClInclude>
    <ClInclude Include="include\BlazeEngine\Graphics\Core\GraphicsAPI.h">
      <Filter>Header Files</Filter>
    </ClInclude>
    <ClInclude Include="include\BlazeEngine\Graphics\Core\GraphicsAPI_OpenGL.h">
      <Filter>Header Files</Filter>
    </ClInclude>
    <ClInclude Include="include\BlazeEngine\Graphics\Renderers\BasicIndexedMeshRenderer.h">
      <Filter>Header Files</Filter>
    </ClInclude>
    <ClInclude Include="include\BlazeEngine\Graphics\Renderers\OpenGL\BufferedRendererBase_OpenGL.h">
      <Filter>Header Files</Filter>
    </ClInclude>
    <ClInclude Include="include\BlazeEngine\Graphics\Renderers\OpenGL\BasicIndexedMeshRenderer_OpenGL.h">
      <Filter>Header Files</Filter>
    </ClInclude>
    <ClInclude Include="include\BlazeEngine\Graphics\Renderers\PanelRenderer.h">
      <Filter>Header Files</Filter>
    </ClInclude>
    <ClInclude Include="include\BlazeEngine\Graphics\Renderers\RenderContext.h">
      <Filter>Header Files</Filter>
    </ClInclude>
    <ClInclude Include="include\BlazeEngine\Graphics\Renderers\RendererBase.h">
      <Filter>Header Files</Filter>
    </ClInclude>
    <ClInclude Include="include\BlazeEngine\Graphics\Renderers\RendererRegistry.h">
      <Filter>Header Files</Filter>
    </ClInclude>
    <ClInclude Include="include\BlazeEngine\Graphics\Renderers\TexturedRectRenderer.h">
      <Filter>Header Files</Filter>
    </ClInclude>
    <ClInclude Include="include\BlazeEngine\Graphics\Common\BasicIndexedMesh.h">
      <Filter>Header Files</Filter>
    </ClInclude>
    <ClInclude Include="source\BlazeEngine\Graphics\Core\OpenGL\Debug_OpenGL.h">
      <Filter>Header Files</Filter>
    </ClInclude>
    <ClInclude Include="source\BlazeEngine\Graphics\Core\OpenGL\OpenGLWrapper\OpenGLConversions.h">
      <Filter>Header Files</Filter>
    </ClInclude>
    <ClInclude Include="include\BlazeEngine\Graphics\Core\OpenGL\OpenGLWrapper\OpenGLEnums.h">
      <Filter>Header Files</Filter>
    </ClInclude>
    <ClInclude Include="include\BlazeEngine\Graphics\Core\OpenGL\OpenGLWrapper\OpenGLFence.h">
      <Filter>Header Files</Filter>
    </ClInclude>
    <ClInclude Include="include\BlazeEngine\Graphics\Core\OpenGL\OpenGLWrapper\OpenGLGraphicsBuffer.h">
      <Filter>Header Files</Filter>
    </ClInclude>
    <ClInclude Include="include\BlazeEngine\Graphics\Core\OpenGL\OpenGLWrapper\OpenGLProgram.h">
      <Filter>Header Files</Filter>
    </ClInclude>
    <ClInclude Include="include\BlazeEngine\Graphics\Core\OpenGL\OpenGLWrapper\OpenGLRenderbuffer.h">
      <Filter>Header Files</Filter>
    </ClInclude>
    <ClInclude Include="include\BlazeEngine\Graphics\Core\OpenGL\OpenGLWrapper\OpenGLShader.h">
      <Filter>Header Files</Filter>
    </ClInclude>
    <ClInclude Include="include\BlazeEngine\Graphics\Core\OpenGL\OpenGLWrapper\OpenGLVertexArray.h">
      <Filter>Header Files</Filter>
    </ClInclude>
    <ClInclude Include="include\BlazeEngine\Graphics\Core\OpenGL\OpenGLWrapper\Textures\OpenGLTexture1D.h">
      <Filter>Header Files</Filter>
    </ClInclude>
    <ClInclude Include="include\BlazeEngine\Graphics\Core\OpenGL\OpenGLWrapper\Textures\OpenGLTexture2D.h">
      <Filter>Header Files</Filter>
    </ClInclude>
    <ClInclude Include="include\BlazeEngine\Graphics\Core\OpenGL\Framebuffer_OpenGL.h">
      <Filter>Header Files</Filter>
    </ClInclude>
    <ClInclude Include="include\BlazeEngine\Graphics\Core\OpenGL\GraphicsContext_OpenGL.h">
      <Filter>Header Files</Filter>
    </ClInclude>
    <ClInclude Include="include\BlazeEngine\Graphics\Core\OpenGL\RenderWindowFramebuffer_OpenGL.h">
      <Filter>Header Files</Filter>
    </ClInclude>
    <ClInclude Include="include\BlazeEngine\Graphics\Core\OpenGL\RenderWindow_OpenGL.h">
      <Filter>Header Files</Filter>
    </ClInclude>
    <ClInclude Include="include\BlazeEngine\Graphics\Core\OpenGL\Semaphore_OpenGL.h">
      <Filter>Header Files</Filter>
    </ClInclude>
    <ClInclude Include="include\BlazeEngine\Graphics\Renderers\OpenGL\PanelRenderer_OpenGL.h">
      <Filter>Header Files</Filter>
    </ClInclude>
    <ClInclude Include="include\BlazeEngine\Graphics\Renderers\OpenGL\TexturedRectRenderer_OpenGL.h">
      <Filter>Header Files</Filter>
    </ClInclude>
    <ClInclude Include="source\BlazeEngine\Graphics\Shaders\Shaders.h">
      <Filter>Header Files</Filter>
    </ClInclude>
    <ClInclude Include="include\BlazeEngine\BlazeEngineGraphics.h">
      <Filter>Header Files</Filter>
    </ClInclude>
  </ItemGroup>
  <ItemGroup>
    <None Include="source\BlazeEngine\Graphics\Shaders\OpenGL\basicMesh.frag" />
    <None Include="source\BlazeEngine\Graphics\Shaders\OpenGL\basicMesh.geom" />
    <None Include="source\BlazeEngine\Graphics\Shaders\OpenGL\basicMesh.vert" />
    <None Include="source\BlazeEngine\Graphics\Shaders\OpenGL\line3d.frag" />
    <None Include="source\BlazeEngine\Graphics\Shaders\OpenGL\line3d.vert" />
    <None Include="source\BlazeEngine\Graphics\Shaders\OpenGL\line2d.frag" />
    <None Include="source\BlazeEngine\Graphics\Shaders\OpenGL\line2d.vert" />
    <None Include="source\BlazeEngine\Graphics\Shaders\OpenGL\panel.frag" />
    <None Include="source\BlazeEngine\Graphics\Shaders\OpenGL\panel.vert" />
    <None Include="source\BlazeEngine\Graphics\Shaders\OpenGL\texturedRect.frag" />
    <None Include="source\BlazeEngine\Graphics\Shaders\OpenGL\texturedRect.vert" />
  </ItemGroup>
  <ItemGroup>
    <Natvis Include="BlazeEngineGraphicsNodeView.natvis" />
  </ItemGroup>
</Project>