<?xml version="1.0" encoding="utf-8"?>
<Project ToolsVersion="4.0" xmlns="http://schemas.microsoft.com/developer/msbuild/2003">
  <ItemGroup>
    <Filter Include="Source Files">
      <UniqueIdentifier>{4FC737F1-C7A5-4376-A066-2A32D752A2FF}</UniqueIdentifier>
      <Extensions>cpp;c;cc;cxx;c++;cppm;ixx;def;odl;idl;hpj;bat;asm;asmx</Extensions>
    </Filter>
    <Filter Include="Header Files">
      <UniqueIdentifier>{93995380-89BD-4b04-88EB-625FBE52EBFB}</UniqueIdentifier>
      <Extensions>h;hh;hpp;hxx;h++;hm;inl;inc;ipp;xsd</Extensions>
    </Filter>
    <Filter Include="Resource Files">
      <UniqueIdentifier>{67DA6AB6-F800-4c08-8B7A-83BB121AAD01}</UniqueIdentifier>
      <Extensions>rc;ico;cur;bmp;dlg;rc2;rct;bin;rgs;gif;jpg;jpeg;jpe;resx;tiff;tif;png;wav;mfcribbon-ms</Extensions>
    </Filter>
  </ItemGroup>
  <ItemGroup>
    <ClInclude Include="source\vk_mem_alloc.h">
      <Filter>Header Files</Filter>
    </ClInclude>
    <ClInclude Include="source\pch.h">
      <Filter>Header Files</Filter>
    </ClInclude>
    <ClInclude Include="source\LocalString.h">
      <Filter>Header Files</Filter>
    </ClInclude>
    <ClInclude Include="old\Graphics4\API.h">
      <Filter>Header Files</Filter>
    </ClInclude>
    <ClInclude Include="source\Graphics5\Vulkan\API_Vulkan.h">
      <Filter>Header Files</Filter>
    </ClInclude>
    <ClInclude Include="source\Graphics5\Vulkan\VulkanInstance.h">
      <Filter>Header Files</Filter>
    </ClInclude>
    <ClInclude Include="source\Graphics\OpenGL\Pipelines\MainRenderPipeline_OpenGL.h">
      <Filter>Header Files</Filter>
    </ClInclude>
    <ClInclude Include="source\Graphics\OpenGL\RenderSystem_OpenGL.h">
      <Filter>Header Files</Filter>
    </ClInclude>
    <ClInclude Include="source\Resources\ResourceManager.h">
      <Filter>Header Files</Filter>
    </ClInclude>
    <ClInclude Include="source\MainScreen.h">
      <Filter>Header Files</Filter>
    </ClInclude>
    <ClInclude Include="source\TreeTraverser.h">
      <Filter>Header Files</Filter>
    </ClInclude>
    <ClInclude Include="source\Graphics\OpenGL\Pipelines\UIRenderStream.h">
      <Filter>Header Files</Filter>
    </ClInclude>
  </ItemGroup>
  <ItemGroup>
    <ClCompile Include="source\main.cpp">
      <Filter>Source Files</Filter>
    </ClCompile>
    <ClCompile Include="source\pch.cpp">
      <Filter>Source Files</Filter>
    </ClCompile>
    <ClCompile Include="source\Graphics\OpenGL\Pipelines\MainRenderPipeline_OpenGL.cpp">
      <Filter>Source Files</Filter>
    </ClCompile>
    <ClCompile Include="source\Graphics\OpenGL\RenderSystem_OpenGL.cpp">
      <Filter>Source Files</Filter>
    </ClCompile>
    <ClCompile Include="source\Resources\ResourceManager.cpp">
      <Filter>Source Files</Filter>
    </ClCompile>
    <ClCompile Include="source\MainScreen.cpp">
      <Filter>Source Files</Filter>
    </ClCompile>
  </ItemGroup>
  <ItemGroup>
    <None Include="assets\shaders\OpenGL\line2d.frag" />
    <None Include="assets\shaders\OpenGL\line2d.vert" />
    <None Include="assets\shaders\OpenGL\text.frag" />
    <None Include="assets\shaders\OpenGL\text.vert" />
    <None Include="assets\shaders\Vulkan\line2d.frag" />
    <None Include="assets\shaders\Vulkan\line2d.vert" />
    <None Include="assets\shaders\Vulkan\compileShaders.bat">
      <Filter>Source Files</Filter>
    </None>
    <None Include="assets\shaders\OpenGL\texturedRect.frag" />
    <None Include="assets\shaders\OpenGL\texturedRect.vert" />
    <None Include="assets\shaders\OpenGL\panel.frag" />
    <None Include="assets\shaders\OpenGL\panel.vert" />
  </ItemGroup>
  <ItemGroup>
    <Text Include="Log.txt" />
  </ItemGroup>
</Project>